<?xml version="1.0" encoding="UTF-8"?>
<Project ToolsVersion="14.0" xmlns="http://schemas.microsoft.com/developer/msbuild/2003">
  <ItemGroup>
    <ClCompile Include="..\..\src\game\AI\BaseAI\AggressorAI.cpp">
      <Filter>AI\BaseAI</Filter>
    </ClCompile>
    <ClCompile Include="..\..\src\game\AI\BaseAI\CreatureAI.cpp">
      <Filter>AI\BaseAI</Filter>
    </ClCompile>
    <ClCompile Include="..\..\src\game\AI\BaseAI\GuardAI.cpp">
      <Filter>AI\BaseAI</Filter>
    </ClCompile>
    <ClCompile Include="..\..\src\game\AI\BaseAI\GuardianAI.cpp">
      <Filter>AI\BaseAI</Filter>
    </ClCompile>
    <ClCompile Include="..\..\src\game\AI\BaseAI\NullCreatureAI.cpp">
      <Filter>AI\BaseAI</Filter>
    </ClCompile>
    <ClCompile Include="..\..\src\game\AI\BaseAI\PetAI.cpp">
      <Filter>AI\BaseAI</Filter>
    </ClCompile>
    <ClCompile Include="..\..\src\game\AI\BaseAI\ReactorAI.cpp">
      <Filter>AI\BaseAI</Filter>
    </ClCompile>
    <ClCompile Include="..\..\src\game\AI\BaseAI\TotemAI.cpp">
      <Filter>AI\BaseAI</Filter>
    </ClCompile>
    <ClCompile Include="..\..\src\game\AI\CreatureAIRegistry.cpp">
      <Filter>AI</Filter>
    </ClCompile>
    <ClCompile Include="..\..\src\game\AI\CreatureAISelector.cpp">
      <Filter>AI</Filter>
    </ClCompile>
    <ClCompile Include="..\..\src\game\AI\EventAI\CreatureEventAI.cpp">
      <Filter>AI\EventAI</Filter>
    </ClCompile>
    <ClCompile Include="..\..\src\game\AI\EventAI\CreatureEventAIMgr.cpp">
      <Filter>AI\EventAI</Filter>
    </ClCompile>
    <ClCompile Include="..\..\src\game\AI\ScriptDevAI\ScriptDevAIMgr.cpp">
      <Filter>AI\ScriptDevAI</Filter>
    </ClCompile>
    <ClCompile Include="..\..\src\game\AI\ScriptDevAI\base\escort_ai.cpp">
      <Filter>AI\ScriptDevAI\base</Filter>
    </ClCompile>
    <ClCompile Include="..\..\src\game\AI\ScriptDevAI\base\follower_ai.cpp">
      <Filter>AI\ScriptDevAI\base</Filter>
    </ClCompile>
    <ClCompile Include="..\..\src\game\AI\ScriptDevAI\base\guard_ai.cpp">
      <Filter>AI\ScriptDevAI\base</Filter>
    </ClCompile>
    <ClCompile Include="..\..\src\game\AI\ScriptDevAI\base\pet_ai.cpp">
      <Filter>AI\ScriptDevAI\base</Filter>
    </ClCompile>
    <ClCompile Include="..\..\src\game\AI\ScriptDevAI\include\sc_creature.cpp">
      <Filter>AI\ScriptDevAI\include</Filter>
    </ClCompile>
    <ClCompile Include="..\..\src\game\AI\ScriptDevAI\include\sc_grid_searchers.cpp">
      <Filter>AI\ScriptDevAI\include</Filter>
    </ClCompile>
    <ClCompile Include="..\..\src\game\AI\ScriptDevAI\include\sc_instance.cpp">
      <Filter>AI\ScriptDevAI\include</Filter>
    </ClCompile>
    <ClCompile Include="..\..\src\game\AI\ScriptDevAI\scripts\battlegrounds\battlegrounds.cpp">
      <Filter>AI\ScriptDevAI\scripts\battlegrounds</Filter>
    </ClCompile>
    <ClCompile Include="..\..\src\game\AI\ScriptDevAI\scripts\eastern_kingdoms\alterac_mountains.cpp">
      <Filter>AI\ScriptDevAI\scripts\eastern_kingdoms</Filter>
    </ClCompile>
    <ClCompile Include="..\..\src\game\AI\ScriptDevAI\scripts\eastern_kingdoms\arathi_highlands.cpp">
      <Filter>AI\ScriptDevAI\scripts\eastern_kingdoms</Filter>
    </ClCompile>
    <ClCompile Include="..\..\src\game\AI\ScriptDevAI\scripts\eastern_kingdoms\blackrock_depths\blackrock_depths.cpp">
      <Filter>AI\ScriptDevAI\scripts\eastern_kingdoms\blackrock_depths</Filter>
    </ClCompile>
    <ClCompile Include="..\..\src\game\AI\ScriptDevAI\scripts\eastern_kingdoms\blackrock_depths\boss_ambassador_flamelash.cpp">
      <Filter>AI\ScriptDevAI\scripts\eastern_kingdoms\blackrock_depths</Filter>
    </ClCompile>
    <ClCompile Include="..\..\src\game\AI\ScriptDevAI\scripts\eastern_kingdoms\blackrock_depths\boss_emperor_dagran_thaurissan.cpp">
      <Filter>AI\ScriptDevAI\scripts\eastern_kingdoms\blackrock_depths</Filter>
    </ClCompile>
    <ClCompile Include="..\..\src\game\AI\ScriptDevAI\scripts\eastern_kingdoms\blackrock_depths\boss_general_angerforge.cpp">
      <Filter>AI\ScriptDevAI\scripts\eastern_kingdoms\blackrock_depths</Filter>
    </ClCompile>
    <ClCompile Include="..\..\src\game\AI\ScriptDevAI\scripts\eastern_kingdoms\blackrock_depths\boss_high_interrogator_gerstahn.cpp">
      <Filter>AI\ScriptDevAI\scripts\eastern_kingdoms\blackrock_depths</Filter>
    </ClCompile>
    <ClCompile Include="..\..\src\game\AI\ScriptDevAI\scripts\eastern_kingdoms\blackrock_depths\instance_blackrock_depths.cpp">
      <Filter>AI\ScriptDevAI\scripts\eastern_kingdoms\blackrock_depths</Filter>
    </ClCompile>
    <ClCompile Include="..\..\src\game\AI\ScriptDevAI\scripts\eastern_kingdoms\blackrock_spire\boss_gyth.cpp">
      <Filter>AI\ScriptDevAI\scripts\eastern_kingdoms\blackrock_spire</Filter>
    </ClCompile>
    <ClCompile Include="..\..\src\game\AI\ScriptDevAI\scripts\eastern_kingdoms\blackrock_spire\boss_overlord_wyrmthalak.cpp">
      <Filter>AI\ScriptDevAI\scripts\eastern_kingdoms\blackrock_spire</Filter>
    </ClCompile>
    <ClCompile Include="..\..\src\game\AI\ScriptDevAI\scripts\eastern_kingdoms\blackrock_spire\boss_pyroguard_emberseer.cpp">
      <Filter>AI\ScriptDevAI\scripts\eastern_kingdoms\blackrock_spire</Filter>
    </ClCompile>
    <ClCompile Include="..\..\src\game\AI\ScriptDevAI\scripts\eastern_kingdoms\blackrock_spire\instance_blackrock_spire.cpp">
      <Filter>AI\ScriptDevAI\scripts\eastern_kingdoms\blackrock_spire</Filter>
    </ClCompile>
    <ClCompile Include="..\..\src\game\AI\ScriptDevAI\scripts\eastern_kingdoms\blackwing_lair\boss_broodlord_lashlayer.cpp">
      <Filter>AI\ScriptDevAI\scripts\eastern_kingdoms\blackwing_lair</Filter>
    </ClCompile>
    <ClCompile Include="..\..\src\game\AI\ScriptDevAI\scripts\eastern_kingdoms\blackwing_lair\boss_chromaggus.cpp">
      <Filter>AI\ScriptDevAI\scripts\eastern_kingdoms\blackwing_lair</Filter>
    </ClCompile>
    <ClCompile Include="..\..\src\game\AI\ScriptDevAI\scripts\eastern_kingdoms\blackwing_lair\boss_ebonroc.cpp">
      <Filter>AI\ScriptDevAI\scripts\eastern_kingdoms\blackwing_lair</Filter>
    </ClCompile>
    <ClCompile Include="..\..\src\game\AI\ScriptDevAI\scripts\eastern_kingdoms\blackwing_lair\boss_firemaw.cpp">
      <Filter>AI\ScriptDevAI\scripts\eastern_kingdoms\blackwing_lair</Filter>
    </ClCompile>
    <ClCompile Include="..\..\src\game\AI\ScriptDevAI\scripts\eastern_kingdoms\blackwing_lair\boss_flamegor.cpp">
      <Filter>AI\ScriptDevAI\scripts\eastern_kingdoms\blackwing_lair</Filter>
    </ClCompile>
    <ClCompile Include="..\..\src\game\AI\ScriptDevAI\scripts\eastern_kingdoms\blackwing_lair\boss_nefarian.cpp">
      <Filter>AI\ScriptDevAI\scripts\eastern_kingdoms\blackwing_lair</Filter>
    </ClCompile>
    <ClCompile Include="..\..\src\game\AI\ScriptDevAI\scripts\eastern_kingdoms\blackwing_lair\boss_razorgore.cpp">
      <Filter>AI\ScriptDevAI\scripts\eastern_kingdoms\blackwing_lair</Filter>
    </ClCompile>
    <ClCompile Include="..\..\src\game\AI\ScriptDevAI\scripts\eastern_kingdoms\blackwing_lair\boss_vaelastrasz.cpp">
      <Filter>AI\ScriptDevAI\scripts\eastern_kingdoms\blackwing_lair</Filter>
    </ClCompile>
    <ClCompile Include="..\..\src\game\AI\ScriptDevAI\scripts\eastern_kingdoms\blackwing_lair\boss_victor_nefarius.cpp">
      <Filter>AI\ScriptDevAI\scripts\eastern_kingdoms\blackwing_lair</Filter>
    </ClCompile>
    <ClCompile Include="..\..\src\game\AI\ScriptDevAI\scripts\eastern_kingdoms\blackwing_lair\instance_blackwing_lair.cpp">
      <Filter>AI\ScriptDevAI\scripts\eastern_kingdoms\blackwing_lair</Filter>
    </ClCompile>
    <ClCompile Include="..\..\src\game\AI\ScriptDevAI\scripts\eastern_kingdoms\blasted_lands.cpp">
      <Filter>AI\ScriptDevAI\scripts\eastern_kingdoms</Filter>
    </ClCompile>
    <ClCompile Include="..\..\src\game\AI\ScriptDevAI\scripts\eastern_kingdoms\boss_kazzak.cpp">
      <Filter>AI\ScriptDevAI\scripts\eastern_kingdoms</Filter>
    </ClCompile>
    <ClCompile Include="..\..\src\game\AI\ScriptDevAI\scripts\eastern_kingdoms\burning_steppes.cpp">
      <Filter>AI\ScriptDevAI\scripts\eastern_kingdoms</Filter>
    </ClCompile>
    <ClCompile Include="..\..\src\game\AI\ScriptDevAI\scripts\eastern_kingdoms\deadmines\boss_mr_smite.cpp">
      <Filter>AI\ScriptDevAI\scripts\eastern_kingdoms\deadmines</Filter>
    </ClCompile>
    <ClCompile Include="..\..\src\game\AI\ScriptDevAI\scripts\eastern_kingdoms\deadmines\deadmines.cpp">
      <Filter>AI\ScriptDevAI\scripts\eastern_kingdoms\deadmines</Filter>
    </ClCompile>
    <ClCompile Include="..\..\src\game\AI\ScriptDevAI\scripts\eastern_kingdoms\deadmines\instance_deadmines.cpp">
      <Filter>AI\ScriptDevAI\scripts\eastern_kingdoms\deadmines</Filter>
    </ClCompile>
    <ClCompile Include="..\..\src\game\AI\ScriptDevAI\scripts\eastern_kingdoms\dun_morogh.cpp">
      <Filter>AI\ScriptDevAI\scripts\eastern_kingdoms</Filter>
    </ClCompile>
    <ClCompile Include="..\..\src\game\AI\ScriptDevAI\scripts\eastern_kingdoms\eastern_plaguelands.cpp">
      <Filter>AI\ScriptDevAI\scripts\eastern_kingdoms</Filter>
    </ClCompile>
    <ClCompile Include="..\..\src\game\AI\ScriptDevAI\scripts\eastern_kingdoms\elwynn_forest.cpp">
      <Filter>AI\ScriptDevAI\scripts\eastern_kingdoms</Filter>
    </ClCompile>
    <ClCompile Include="..\..\src\game\AI\ScriptDevAI\scripts\eastern_kingdoms\gnomeregan\boss_thermaplugg.cpp">
      <Filter>AI\ScriptDevAI\scripts\eastern_kingdoms\gnomeregan</Filter>
    </ClCompile>
    <ClCompile Include="..\..\src\game\AI\ScriptDevAI\scripts\eastern_kingdoms\gnomeregan\gnomeregan.cpp">
      <Filter>AI\ScriptDevAI\scripts\eastern_kingdoms\gnomeregan</Filter>
    </ClCompile>
    <ClCompile Include="..\..\src\game\AI\ScriptDevAI\scripts\eastern_kingdoms\gnomeregan\instance_gnomeregan.cpp">
      <Filter>AI\ScriptDevAI\scripts\eastern_kingdoms\gnomeregan</Filter>
    </ClCompile>
    <ClCompile Include="..\..\src\game\AI\ScriptDevAI\scripts\eastern_kingdoms\hinterlands.cpp">
      <Filter>AI\ScriptDevAI\scripts\eastern_kingdoms</Filter>
    </ClCompile>
    <ClCompile Include="..\..\src\game\AI\ScriptDevAI\scripts\eastern_kingdoms\ironforge.cpp">
      <Filter>AI\ScriptDevAI\scripts\eastern_kingdoms</Filter>
    </ClCompile>
    <ClCompile Include="..\..\src\game\AI\ScriptDevAI\scripts\eastern_kingdoms\loch_modan.cpp">
      <Filter>AI\ScriptDevAI\scripts\eastern_kingdoms</Filter>
    </ClCompile>
    <ClCompile Include="..\..\src\game\AI\ScriptDevAI\scripts\eastern_kingdoms\molten_core\boss_baron_geddon.cpp">
      <Filter>AI\ScriptDevAI\scripts\eastern_kingdoms\molten_core</Filter>
    </ClCompile>
    <ClCompile Include="..\..\src\game\AI\ScriptDevAI\scripts\eastern_kingdoms\molten_core\boss_garr.cpp">
      <Filter>AI\ScriptDevAI\scripts\eastern_kingdoms\molten_core</Filter>
    </ClCompile>
    <ClCompile Include="..\..\src\game\AI\ScriptDevAI\scripts\eastern_kingdoms\molten_core\boss_gehennas.cpp">
      <Filter>AI\ScriptDevAI\scripts\eastern_kingdoms\molten_core</Filter>
    </ClCompile>
    <ClCompile Include="..\..\src\game\AI\ScriptDevAI\scripts\eastern_kingdoms\molten_core\boss_golemagg.cpp">
      <Filter>AI\ScriptDevAI\scripts\eastern_kingdoms\molten_core</Filter>
    </ClCompile>
    <ClCompile Include="..\..\src\game\AI\ScriptDevAI\scripts\eastern_kingdoms\molten_core\boss_lucifron.cpp">
      <Filter>AI\ScriptDevAI\scripts\eastern_kingdoms\molten_core</Filter>
    </ClCompile>
    <ClCompile Include="..\..\src\game\AI\ScriptDevAI\scripts\eastern_kingdoms\molten_core\boss_magmadar.cpp">
      <Filter>AI\ScriptDevAI\scripts\eastern_kingdoms\molten_core</Filter>
    </ClCompile>
    <ClCompile Include="..\..\src\game\AI\ScriptDevAI\scripts\eastern_kingdoms\molten_core\boss_majordomo_executus.cpp">
      <Filter>AI\ScriptDevAI\scripts\eastern_kingdoms\molten_core</Filter>
    </ClCompile>
    <ClCompile Include="..\..\src\game\AI\ScriptDevAI\scripts\eastern_kingdoms\molten_core\boss_ragnaros.cpp">
      <Filter>AI\ScriptDevAI\scripts\eastern_kingdoms\molten_core</Filter>
    </ClCompile>
    <ClCompile Include="..\..\src\game\AI\ScriptDevAI\scripts\eastern_kingdoms\molten_core\boss_shazzrah.cpp">
      <Filter>AI\ScriptDevAI\scripts\eastern_kingdoms\molten_core</Filter>
    </ClCompile>
    <ClCompile Include="..\..\src\game\AI\ScriptDevAI\scripts\eastern_kingdoms\molten_core\boss_sulfuron_harbinger.cpp">
      <Filter>AI\ScriptDevAI\scripts\eastern_kingdoms\molten_core</Filter>
    </ClCompile>
    <ClCompile Include="..\..\src\game\AI\ScriptDevAI\scripts\eastern_kingdoms\molten_core\instance_molten_core.cpp">
      <Filter>AI\ScriptDevAI\scripts\eastern_kingdoms\molten_core</Filter>
    </ClCompile>
    <ClCompile Include="..\..\src\game\AI\ScriptDevAI\scripts\eastern_kingdoms\molten_core\molten_core.cpp">
      <Filter>AI\ScriptDevAI\scripts\eastern_kingdoms\molten_core</Filter>
    </ClCompile>
    <ClCompile Include="..\..\src\game\AI\ScriptDevAI\scripts\eastern_kingdoms\naxxramas\boss_anubrekhan.cpp">
      <Filter>AI\ScriptDevAI\scripts\eastern_kingdoms\naxxramas</Filter>
    </ClCompile>
    <ClCompile Include="..\..\src\game\AI\ScriptDevAI\scripts\eastern_kingdoms\naxxramas\boss_faerlina.cpp">
      <Filter>AI\ScriptDevAI\scripts\eastern_kingdoms\naxxramas</Filter>
    </ClCompile>
    <ClCompile Include="..\..\src\game\AI\ScriptDevAI\scripts\eastern_kingdoms\naxxramas\boss_four_horsemen.cpp">
      <Filter>AI\ScriptDevAI\scripts\eastern_kingdoms\naxxramas</Filter>
    </ClCompile>
    <ClCompile Include="..\..\src\game\AI\ScriptDevAI\scripts\eastern_kingdoms\naxxramas\boss_gluth.cpp">
      <Filter>AI\ScriptDevAI\scripts\eastern_kingdoms\naxxramas</Filter>
    </ClCompile>
    <ClCompile Include="..\..\src\game\AI\ScriptDevAI\scripts\eastern_kingdoms\naxxramas\boss_gothik.cpp">
      <Filter>AI\ScriptDevAI\scripts\eastern_kingdoms\naxxramas</Filter>
    </ClCompile>
    <ClCompile Include="..\..\src\game\AI\ScriptDevAI\scripts\eastern_kingdoms\naxxramas\boss_grobbulus.cpp">
      <Filter>AI\ScriptDevAI\scripts\eastern_kingdoms\naxxramas</Filter>
    </ClCompile>
    <ClCompile Include="..\..\src\game\AI\ScriptDevAI\scripts\eastern_kingdoms\naxxramas\boss_heigan.cpp">
      <Filter>AI\ScriptDevAI\scripts\eastern_kingdoms\naxxramas</Filter>
    </ClCompile>
    <ClCompile Include="..\..\src\game\AI\ScriptDevAI\scripts\eastern_kingdoms\naxxramas\boss_kelthuzad.cpp">
      <Filter>AI\ScriptDevAI\scripts\eastern_kingdoms\naxxramas</Filter>
    </ClCompile>
    <ClCompile Include="..\..\src\game\AI\ScriptDevAI\scripts\eastern_kingdoms\naxxramas\boss_loatheb.cpp">
      <Filter>AI\ScriptDevAI\scripts\eastern_kingdoms\naxxramas</Filter>
    </ClCompile>
    <ClCompile Include="..\..\src\game\AI\ScriptDevAI\scripts\eastern_kingdoms\naxxramas\boss_maexxna.cpp">
      <Filter>AI\ScriptDevAI\scripts\eastern_kingdoms\naxxramas</Filter>
    </ClCompile>
    <ClCompile Include="..\..\src\game\AI\ScriptDevAI\scripts\eastern_kingdoms\naxxramas\boss_noth.cpp">
      <Filter>AI\ScriptDevAI\scripts\eastern_kingdoms\naxxramas</Filter>
    </ClCompile>
    <ClCompile Include="..\..\src\game\AI\ScriptDevAI\scripts\eastern_kingdoms\naxxramas\boss_patchwerk.cpp">
      <Filter>AI\ScriptDevAI\scripts\eastern_kingdoms\naxxramas</Filter>
    </ClCompile>
    <ClCompile Include="..\..\src\game\AI\ScriptDevAI\scripts\eastern_kingdoms\naxxramas\boss_razuvious.cpp">
      <Filter>AI\ScriptDevAI\scripts\eastern_kingdoms\naxxramas</Filter>
    </ClCompile>
    <ClCompile Include="..\..\src\game\AI\ScriptDevAI\scripts\eastern_kingdoms\naxxramas\boss_sapphiron.cpp">
      <Filter>AI\ScriptDevAI\scripts\eastern_kingdoms\naxxramas</Filter>
    </ClCompile>
    <ClCompile Include="..\..\src\game\AI\ScriptDevAI\scripts\eastern_kingdoms\naxxramas\boss_thaddius.cpp">
      <Filter>AI\ScriptDevAI\scripts\eastern_kingdoms\naxxramas</Filter>
    </ClCompile>
    <ClCompile Include="..\..\src\game\AI\ScriptDevAI\scripts\eastern_kingdoms\naxxramas\instance_naxxramas.cpp">
      <Filter>AI\ScriptDevAI\scripts\eastern_kingdoms\naxxramas</Filter>
    </ClCompile>
    <ClCompile Include="..\..\src\game\AI\ScriptDevAI\scripts\eastern_kingdoms\redridge_mountains.cpp">
      <Filter>AI\ScriptDevAI\scripts\eastern_kingdoms</Filter>
    </ClCompile>
    <ClCompile Include="..\..\src\game\AI\ScriptDevAI\scripts\eastern_kingdoms\scarlet_monastery\boss_arcanist_doan.cpp">
      <Filter>AI\ScriptDevAI\scripts\eastern_kingdoms\scarlet_monastery</Filter>
    </ClCompile>
    <ClCompile Include="..\..\src\game\AI\ScriptDevAI\scripts\eastern_kingdoms\scarlet_monastery\boss_herod.cpp">
      <Filter>AI\ScriptDevAI\scripts\eastern_kingdoms\scarlet_monastery</Filter>
    </ClCompile>
    <ClCompile Include="..\..\src\game\AI\ScriptDevAI\scripts\eastern_kingdoms\scarlet_monastery\boss_mograine_and_whitemane.cpp">
      <Filter>AI\ScriptDevAI\scripts\eastern_kingdoms\scarlet_monastery</Filter>
    </ClCompile>
    <ClCompile Include="..\..\src\game\AI\ScriptDevAI\scripts\eastern_kingdoms\scarlet_monastery\instance_scarlet_monastery.cpp">
      <Filter>AI\ScriptDevAI\scripts\eastern_kingdoms\scarlet_monastery</Filter>
    </ClCompile>
    <ClCompile Include="..\..\src\game\AI\ScriptDevAI\scripts\eastern_kingdoms\scholomance\boss_darkmaster_gandling.cpp">
      <Filter>AI\ScriptDevAI\scripts\eastern_kingdoms\scholomance</Filter>
    </ClCompile>
    <ClCompile Include="..\..\src\game\AI\ScriptDevAI\scripts\eastern_kingdoms\scholomance\boss_jandice_barov.cpp">
      <Filter>AI\ScriptDevAI\scripts\eastern_kingdoms\scholomance</Filter>
    </ClCompile>
    <ClCompile Include="..\..\src\game\AI\ScriptDevAI\scripts\eastern_kingdoms\scholomance\instance_scholomance.cpp">
      <Filter>AI\ScriptDevAI\scripts\eastern_kingdoms\scholomance</Filter>
    </ClCompile>
    <ClCompile Include="..\..\src\game\AI\ScriptDevAI\scripts\eastern_kingdoms\scholomance\scholomance.cpp">
      <Filter>AI\ScriptDevAI\scripts\eastern_kingdoms\scholomance</Filter>
    </ClCompile>
    <ClCompile Include="..\..\src\game\AI\ScriptDevAI\scripts\eastern_kingdoms\searing_gorge.cpp">
      <Filter>AI\ScriptDevAI\scripts\eastern_kingdoms</Filter>
    </ClCompile>
    <ClCompile Include="..\..\src\game\AI\ScriptDevAI\scripts\eastern_kingdoms\shadowfang_keep\instance_shadowfang_keep.cpp">
      <Filter>AI\ScriptDevAI\scripts\eastern_kingdoms\shadowfang_keep</Filter>
    </ClCompile>
    <ClCompile Include="..\..\src\game\AI\ScriptDevAI\scripts\eastern_kingdoms\shadowfang_keep\shadowfang_keep.cpp">
      <Filter>AI\ScriptDevAI\scripts\eastern_kingdoms\shadowfang_keep</Filter>
    </ClCompile>
    <ClCompile Include="..\..\src\game\AI\ScriptDevAI\scripts\eastern_kingdoms\silverpine_forest.cpp">
      <Filter>AI\ScriptDevAI\scripts\eastern_kingdoms</Filter>
    </ClCompile>
    <ClCompile Include="..\..\src\game\AI\ScriptDevAI\scripts\eastern_kingdoms\stormwind_city.cpp">
      <Filter>AI\ScriptDevAI\scripts\eastern_kingdoms</Filter>
    </ClCompile>
    <ClCompile Include="..\..\src\game\AI\ScriptDevAI\scripts\eastern_kingdoms\stranglethorn_vale.cpp">
      <Filter>AI\ScriptDevAI\scripts\eastern_kingdoms</Filter>
    </ClCompile>
    <ClCompile Include="..\..\src\game\AI\ScriptDevAI\scripts\eastern_kingdoms\stratholme\boss_baroness_anastari.cpp">
      <Filter>AI\ScriptDevAI\scripts\eastern_kingdoms\stratholme</Filter>
    </ClCompile>
    <ClCompile Include="..\..\src\game\AI\ScriptDevAI\scripts\eastern_kingdoms\stratholme\boss_cannon_master_willey.cpp">
      <Filter>AI\ScriptDevAI\scripts\eastern_kingdoms\stratholme</Filter>
    </ClCompile>
    <ClCompile Include="..\..\src\game\AI\ScriptDevAI\scripts\eastern_kingdoms\stratholme\boss_dathrohan_balnazzar.cpp">
      <Filter>AI\ScriptDevAI\scripts\eastern_kingdoms\stratholme</Filter>
    </ClCompile>
    <ClCompile Include="..\..\src\game\AI\ScriptDevAI\scripts\eastern_kingdoms\stratholme\boss_maleki_the_pallid.cpp">
      <Filter>AI\ScriptDevAI\scripts\eastern_kingdoms\stratholme</Filter>
    </ClCompile>
    <ClCompile Include="..\..\src\game\AI\ScriptDevAI\scripts\eastern_kingdoms\stratholme\instance_stratholme.cpp">
      <Filter>AI\ScriptDevAI\scripts\eastern_kingdoms\stratholme</Filter>
    </ClCompile>
    <ClCompile Include="..\..\src\game\AI\ScriptDevAI\scripts\eastern_kingdoms\stratholme\stratholme.cpp">
      <Filter>AI\ScriptDevAI\scripts\eastern_kingdoms\stratholme</Filter>
    </ClCompile>
    <ClCompile Include="..\..\src\game\AI\ScriptDevAI\scripts\eastern_kingdoms\sunken_temple\instance_sunken_temple.cpp">
      <Filter>AI\ScriptDevAI\scripts\eastern_kingdoms\sunken_temple</Filter>
    </ClCompile>
    <ClCompile Include="..\..\src\game\AI\ScriptDevAI\scripts\eastern_kingdoms\sunken_temple\sunken_temple.cpp">
      <Filter>AI\ScriptDevAI\scripts\eastern_kingdoms\sunken_temple</Filter>
    </ClCompile>
    <ClCompile Include="..\..\src\game\AI\ScriptDevAI\scripts\eastern_kingdoms\swamp_of_sorrows.cpp">
      <Filter>AI\ScriptDevAI\scripts\eastern_kingdoms</Filter>
    </ClCompile>
    <ClCompile Include="..\..\src\game\AI\ScriptDevAI\scripts\eastern_kingdoms\tirisfal_glades.cpp">
      <Filter>AI\ScriptDevAI\scripts\eastern_kingdoms</Filter>
    </ClCompile>
    <ClCompile Include="..\..\src\game\AI\ScriptDevAI\scripts\eastern_kingdoms\uldaman\boss_archaedas.cpp">
      <Filter>AI\ScriptDevAI\scripts\eastern_kingdoms\uldaman</Filter>
    </ClCompile>
    <ClCompile Include="..\..\src\game\AI\ScriptDevAI\scripts\eastern_kingdoms\uldaman\instance_uldaman.cpp">
      <Filter>AI\ScriptDevAI\scripts\eastern_kingdoms\uldaman</Filter>
    </ClCompile>
    <ClCompile Include="..\..\src\game\AI\ScriptDevAI\scripts\eastern_kingdoms\uldaman\uldaman.cpp">
      <Filter>AI\ScriptDevAI\scripts\eastern_kingdoms\uldaman</Filter>
    </ClCompile>
    <ClCompile Include="..\..\src\game\AI\ScriptDevAI\scripts\eastern_kingdoms\undercity.cpp">
      <Filter>AI\ScriptDevAI\scripts\eastern_kingdoms</Filter>
    </ClCompile>
    <ClCompile Include="..\..\src\game\AI\ScriptDevAI\scripts\eastern_kingdoms\western_plaguelands.cpp">
      <Filter>AI\ScriptDevAI\scripts\eastern_kingdoms</Filter>
    </ClCompile>
    <ClCompile Include="..\..\src\game\AI\ScriptDevAI\scripts\eastern_kingdoms\westfall.cpp">
      <Filter>AI\ScriptDevAI\scripts\eastern_kingdoms</Filter>
    </ClCompile>
    <ClCompile Include="..\..\src\game\AI\ScriptDevAI\scripts\eastern_kingdoms\wetlands.cpp">
      <Filter>AI\ScriptDevAI\scripts\eastern_kingdoms</Filter>
    </ClCompile>
    <ClCompile Include="..\..\src\game\AI\ScriptDevAI\scripts\eastern_kingdoms\zulgurub\boss_arlokk.cpp">
      <Filter>AI\ScriptDevAI\scripts\eastern_kingdoms\zulgurub</Filter>
    </ClCompile>
    <ClCompile Include="..\..\src\game\AI\ScriptDevAI\scripts\eastern_kingdoms\zulgurub\boss_hakkar.cpp">
      <Filter>AI\ScriptDevAI\scripts\eastern_kingdoms\zulgurub</Filter>
    </ClCompile>
    <ClCompile Include="..\..\src\game\AI\ScriptDevAI\scripts\eastern_kingdoms\zulgurub\boss_hazzarah.cpp">
      <Filter>AI\ScriptDevAI\scripts\eastern_kingdoms\zulgurub</Filter>
    </ClCompile>
    <ClCompile Include="..\..\src\game\AI\ScriptDevAI\scripts\eastern_kingdoms\zulgurub\boss_jeklik.cpp">
      <Filter>AI\ScriptDevAI\scripts\eastern_kingdoms\zulgurub</Filter>
    </ClCompile>
    <ClCompile Include="..\..\src\game\AI\ScriptDevAI\scripts\eastern_kingdoms\zulgurub\boss_jindo.cpp">
      <Filter>AI\ScriptDevAI\scripts\eastern_kingdoms\zulgurub</Filter>
    </ClCompile>
    <ClCompile Include="..\..\src\game\AI\ScriptDevAI\scripts\eastern_kingdoms\zulgurub\boss_mandokir.cpp">
      <Filter>AI\ScriptDevAI\scripts\eastern_kingdoms\zulgurub</Filter>
    </ClCompile>
    <ClCompile Include="..\..\src\game\AI\ScriptDevAI\scripts\eastern_kingdoms\zulgurub\boss_marli.cpp">
      <Filter>AI\ScriptDevAI\scripts\eastern_kingdoms\zulgurub</Filter>
    </ClCompile>
    <ClCompile Include="..\..\src\game\AI\ScriptDevAI\scripts\eastern_kingdoms\zulgurub\boss_renataki.cpp">
      <Filter>AI\ScriptDevAI\scripts\eastern_kingdoms\zulgurub</Filter>
    </ClCompile>
    <ClCompile Include="..\..\src\game\AI\ScriptDevAI\scripts\eastern_kingdoms\zulgurub\boss_thekal.cpp">
      <Filter>AI\ScriptDevAI\scripts\eastern_kingdoms\zulgurub</Filter>
    </ClCompile>
    <ClCompile Include="..\..\src\game\AI\ScriptDevAI\scripts\eastern_kingdoms\zulgurub\boss_venoxis.cpp">
      <Filter>AI\ScriptDevAI\scripts\eastern_kingdoms\zulgurub</Filter>
    </ClCompile>
    <ClCompile Include="..\..\src\game\AI\ScriptDevAI\scripts\eastern_kingdoms\zulgurub\instance_zulgurub.cpp">
      <Filter>AI\ScriptDevAI\scripts\eastern_kingdoms\zulgurub</Filter>
    </ClCompile>
    <ClCompile Include="..\..\src\game\AI\ScriptDevAI\scripts\examples\example_creature.cpp">
      <Filter>AI\ScriptDevAI\scripts\examples</Filter>
    </ClCompile>
    <ClCompile Include="..\..\src\game\AI\ScriptDevAI\scripts\examples\example_escort.cpp">
      <Filter>AI\ScriptDevAI\scripts\examples</Filter>
    </ClCompile>
    <ClCompile Include="..\..\src\game\AI\ScriptDevAI\scripts\examples\example_gossip_codebox.cpp">
      <Filter>AI\ScriptDevAI\scripts\examples</Filter>
    </ClCompile>
    <ClCompile Include="..\..\src\game\AI\ScriptDevAI\scripts\examples\example_misc.cpp">
      <Filter>AI\ScriptDevAI\scripts\examples</Filter>
    </ClCompile>
    <ClCompile Include="..\..\src\game\AI\ScriptDevAI\scripts\kalimdor\ashenvale.cpp">
      <Filter>AI\ScriptDevAI\scripts\kalimdor</Filter>
    </ClCompile>
    <ClCompile Include="..\..\src\game\AI\ScriptDevAI\scripts\kalimdor\azshara.cpp">
      <Filter>AI\ScriptDevAI\scripts\kalimdor</Filter>
    </ClCompile>
    <ClCompile Include="..\..\src\game\AI\ScriptDevAI\scripts\kalimdor\blackfathom_deeps\instance_blackfathom_deeps.cpp">
      <Filter>AI\ScriptDevAI\scripts\kalimdor\blackfathom_deeps</Filter>
    </ClCompile>
    <ClCompile Include="..\..\src\game\AI\ScriptDevAI\scripts\kalimdor\boss_azuregos.cpp">
      <Filter>AI\ScriptDevAI\scripts\kalimdor</Filter>
    </ClCompile>
    <ClCompile Include="..\..\src\game\AI\ScriptDevAI\scripts\kalimdor\darkshore.cpp">
      <Filter>AI\ScriptDevAI\scripts\kalimdor</Filter>
    </ClCompile>
    <ClCompile Include="..\..\src\game\AI\ScriptDevAI\scripts\kalimdor\desolace.cpp">
      <Filter>AI\ScriptDevAI\scripts\kalimdor</Filter>
    </ClCompile>
    <ClCompile Include="..\..\src\game\AI\ScriptDevAI\scripts\kalimdor\dire_maul\dire_maul.cpp">
      <Filter>AI\ScriptDevAI\scripts\kalimdor\dire_maul</Filter>
    </ClCompile>
    <ClCompile Include="..\..\src\game\AI\ScriptDevAI\scripts\kalimdor\dire_maul\instance_dire_maul.cpp">
      <Filter>AI\ScriptDevAI\scripts\kalimdor\dire_maul</Filter>
    </ClCompile>
    <ClCompile Include="..\..\src\game\AI\ScriptDevAI\scripts\kalimdor\durotar.cpp">
      <Filter>AI\ScriptDevAI\scripts\kalimdor</Filter>
    </ClCompile>
    <ClCompile Include="..\..\src\game\AI\ScriptDevAI\scripts\kalimdor\dustwallow_marsh.cpp">
      <Filter>AI\ScriptDevAI\scripts\kalimdor</Filter>
    </ClCompile>
    <ClCompile Include="..\..\src\game\AI\ScriptDevAI\scripts\kalimdor\felwood.cpp">
      <Filter>AI\ScriptDevAI\scripts\kalimdor</Filter>
    </ClCompile>
    <ClCompile Include="..\..\src\game\AI\ScriptDevAI\scripts\kalimdor\feralas.cpp">
      <Filter>AI\ScriptDevAI\scripts\kalimdor</Filter>
    </ClCompile>
    <ClCompile Include="..\..\src\game\AI\ScriptDevAI\scripts\kalimdor\maraudon\boss_noxxion.cpp">
      <Filter>AI\ScriptDevAI\scripts\kalimdor\maraudon</Filter>
    </ClCompile>
    <ClCompile Include="..\..\src\game\AI\ScriptDevAI\scripts\kalimdor\moonglade.cpp">
      <Filter>AI\ScriptDevAI\scripts\kalimdor</Filter>
    </ClCompile>
    <ClCompile Include="..\..\src\game\AI\ScriptDevAI\scripts\kalimdor\mulgore.cpp">
      <Filter>AI\ScriptDevAI\scripts\kalimdor</Filter>
    </ClCompile>
    <ClCompile Include="..\..\src\game\AI\ScriptDevAI\scripts\kalimdor\onyxias_lair\boss_onyxia.cpp">
      <Filter>AI\ScriptDevAI\scripts\kalimdor\onyxias_lair</Filter>
    </ClCompile>
    <ClCompile Include="..\..\src\game\AI\ScriptDevAI\scripts\kalimdor\onyxias_lair\instance_onyxias_lair.cpp">
      <Filter>AI\ScriptDevAI\scripts\kalimdor\onyxias_lair</Filter>
    </ClCompile>
    <ClCompile Include="..\..\src\game\AI\ScriptDevAI\scripts\kalimdor\orgrimmar.cpp">
      <Filter>AI\ScriptDevAI\scripts\kalimdor</Filter>
    </ClCompile>
    <ClCompile Include="..\..\src\game\AI\ScriptDevAI\scripts\kalimdor\razorfen_downs\instance_razorfen_downs.cpp">
      <Filter>AI\ScriptDevAI\scripts\kalimdor\razorfen_downs</Filter>
    </ClCompile>
    <ClCompile Include="..\..\src\game\AI\ScriptDevAI\scripts\kalimdor\razorfen_downs\razorfen_downs.cpp">
      <Filter>AI\ScriptDevAI\scripts\kalimdor\razorfen_downs</Filter>
    </ClCompile>
    <ClCompile Include="..\..\src\game\AI\ScriptDevAI\scripts\kalimdor\razorfen_kraul\instance_razorfen_kraul.cpp">
      <Filter>AI\ScriptDevAI\scripts\kalimdor\razorfen_kraul</Filter>
    </ClCompile>
    <ClCompile Include="..\..\src\game\AI\ScriptDevAI\scripts\kalimdor\razorfen_kraul\razorfen_kraul.cpp">
      <Filter>AI\ScriptDevAI\scripts\kalimdor\razorfen_kraul</Filter>
    </ClCompile>
    <ClCompile Include="..\..\src\game\AI\ScriptDevAI\scripts\kalimdor\ruins_of_ahnqiraj\boss_ayamiss.cpp">
      <Filter>AI\ScriptDevAI\scripts\kalimdor\ruins_of_ahnqiraj</Filter>
    </ClCompile>
    <ClCompile Include="..\..\src\game\AI\ScriptDevAI\scripts\kalimdor\ruins_of_ahnqiraj\boss_buru.cpp">
      <Filter>AI\ScriptDevAI\scripts\kalimdor\ruins_of_ahnqiraj</Filter>
    </ClCompile>
    <ClCompile Include="..\..\src\game\AI\ScriptDevAI\scripts\kalimdor\ruins_of_ahnqiraj\boss_kurinnaxx.cpp">
      <Filter>AI\ScriptDevAI\scripts\kalimdor\ruins_of_ahnqiraj</Filter>
    </ClCompile>
    <ClCompile Include="..\..\src\game\AI\ScriptDevAI\scripts\kalimdor\ruins_of_ahnqiraj\boss_moam.cpp">
      <Filter>AI\ScriptDevAI\scripts\kalimdor\ruins_of_ahnqiraj</Filter>
    </ClCompile>
    <ClCompile Include="..\..\src\game\AI\ScriptDevAI\scripts\kalimdor\ruins_of_ahnqiraj\boss_ossirian.cpp">
      <Filter>AI\ScriptDevAI\scripts\kalimdor\ruins_of_ahnqiraj</Filter>
    </ClCompile>
    <ClCompile Include="..\..\src\game\AI\ScriptDevAI\scripts\kalimdor\ruins_of_ahnqiraj\boss_rajaxx.cpp">
      <Filter>AI\ScriptDevAI\scripts\kalimdor\ruins_of_ahnqiraj</Filter>
    </ClCompile>
    <ClCompile Include="..\..\src\game\AI\ScriptDevAI\scripts\kalimdor\ruins_of_ahnqiraj\instance_ruins_of_ahnqiraj.cpp">
      <Filter>AI\ScriptDevAI\scripts\kalimdor\ruins_of_ahnqiraj</Filter>
    </ClCompile>
    <ClCompile Include="..\..\src\game\AI\ScriptDevAI\scripts\kalimdor\ruins_of_ahnqiraj\ruins_of_ahnqiraj.cpp">
      <Filter>AI\ScriptDevAI\scripts\kalimdor\ruins_of_ahnqiraj</Filter>
    </ClCompile>
    <ClCompile Include="..\..\src\game\AI\ScriptDevAI\scripts\kalimdor\silithus.cpp">
      <Filter>AI\ScriptDevAI\scripts\kalimdor</Filter>
    </ClCompile>
    <ClCompile Include="..\..\src\game\AI\ScriptDevAI\scripts\kalimdor\stonetalon_mountains.cpp">
      <Filter>AI\ScriptDevAI\scripts\kalimdor</Filter>
    </ClCompile>
    <ClCompile Include="..\..\src\game\AI\ScriptDevAI\scripts\kalimdor\tanaris.cpp">
      <Filter>AI\ScriptDevAI\scripts\kalimdor</Filter>
    </ClCompile>
    <ClCompile Include="..\..\src\game\AI\ScriptDevAI\scripts\kalimdor\teldrassil.cpp">
      <Filter>AI\ScriptDevAI\scripts\kalimdor</Filter>
    </ClCompile>
    <ClCompile Include="..\..\src\game\AI\ScriptDevAI\scripts\kalimdor\temple_of_ahnqiraj\boss_bug_trio.cpp">
      <Filter>AI\ScriptDevAI\scripts\kalimdor\temple_of_ahnqiraj</Filter>
    </ClCompile>
    <ClCompile Include="..\..\src\game\AI\ScriptDevAI\scripts\kalimdor\temple_of_ahnqiraj\boss_cthun.cpp">
      <Filter>AI\ScriptDevAI\scripts\kalimdor\temple_of_ahnqiraj</Filter>
    </ClCompile>
    <ClCompile Include="..\..\src\game\AI\ScriptDevAI\scripts\kalimdor\temple_of_ahnqiraj\boss_fankriss.cpp">
      <Filter>AI\ScriptDevAI\scripts\kalimdor\temple_of_ahnqiraj</Filter>
    </ClCompile>
    <ClCompile Include="..\..\src\game\AI\ScriptDevAI\scripts\kalimdor\temple_of_ahnqiraj\boss_huhuran.cpp">
      <Filter>AI\ScriptDevAI\scripts\kalimdor\temple_of_ahnqiraj</Filter>
    </ClCompile>
    <ClCompile Include="..\..\src\game\AI\ScriptDevAI\scripts\kalimdor\temple_of_ahnqiraj\boss_ouro.cpp">
      <Filter>AI\ScriptDevAI\scripts\kalimdor\temple_of_ahnqiraj</Filter>
    </ClCompile>
    <ClCompile Include="..\..\src\game\AI\ScriptDevAI\scripts\kalimdor\temple_of_ahnqiraj\boss_sartura.cpp">
      <Filter>AI\ScriptDevAI\scripts\kalimdor\temple_of_ahnqiraj</Filter>
    </ClCompile>
    <ClCompile Include="..\..\src\game\AI\ScriptDevAI\scripts\kalimdor\temple_of_ahnqiraj\boss_skeram.cpp">
      <Filter>AI\ScriptDevAI\scripts\kalimdor\temple_of_ahnqiraj</Filter>
    </ClCompile>
    <ClCompile Include="..\..\src\game\AI\ScriptDevAI\scripts\kalimdor\temple_of_ahnqiraj\boss_twinemperors.cpp">
      <Filter>AI\ScriptDevAI\scripts\kalimdor\temple_of_ahnqiraj</Filter>
    </ClCompile>
    <ClCompile Include="..\..\src\game\AI\ScriptDevAI\scripts\kalimdor\temple_of_ahnqiraj\boss_viscidus.cpp">
      <Filter>AI\ScriptDevAI\scripts\kalimdor\temple_of_ahnqiraj</Filter>
    </ClCompile>
    <ClCompile Include="..\..\src\game\AI\ScriptDevAI\scripts\kalimdor\temple_of_ahnqiraj\instance_temple_of_ahnqiraj.cpp">
      <Filter>AI\ScriptDevAI\scripts\kalimdor\temple_of_ahnqiraj</Filter>
    </ClCompile>
    <ClCompile Include="..\..\src\game\AI\ScriptDevAI\scripts\kalimdor\temple_of_ahnqiraj\mob_anubisath_sentinel.cpp">
      <Filter>AI\ScriptDevAI\scripts\kalimdor\temple_of_ahnqiraj</Filter>
    </ClCompile>
    <ClCompile Include="..\..\src\game\AI\ScriptDevAI\scripts\kalimdor\the_barrens.cpp">
      <Filter>AI\ScriptDevAI\scripts\kalimdor</Filter>
    </ClCompile>
    <ClCompile Include="..\..\src\game\AI\ScriptDevAI\scripts\kalimdor\thousand_needles.cpp">
      <Filter>AI\ScriptDevAI\scripts\kalimdor</Filter>
    </ClCompile>
    <ClCompile Include="..\..\src\game\AI\ScriptDevAI\scripts\kalimdor\thunder_bluff.cpp">
      <Filter>AI\ScriptDevAI\scripts\kalimdor</Filter>
    </ClCompile>
    <ClCompile Include="..\..\src\game\AI\ScriptDevAI\scripts\kalimdor\ungoro_crater.cpp">
      <Filter>AI\ScriptDevAI\scripts\kalimdor</Filter>
    </ClCompile>
    <ClCompile Include="..\..\src\game\AI\ScriptDevAI\scripts\kalimdor\wailing_caverns\instance_wailing_caverns.cpp">
      <Filter>AI\ScriptDevAI\scripts\kalimdor\wailing_caverns</Filter>
    </ClCompile>
    <ClCompile Include="..\..\src\game\AI\ScriptDevAI\scripts\kalimdor\wailing_caverns\wailing_caverns.cpp">
      <Filter>AI\ScriptDevAI\scripts\kalimdor\wailing_caverns</Filter>
    </ClCompile>
    <ClCompile Include="..\..\src\game\AI\ScriptDevAI\scripts\kalimdor\winterspring.cpp">
      <Filter>AI\ScriptDevAI\scripts\kalimdor</Filter>
    </ClCompile>
    <ClCompile Include="..\..\src\game\AI\ScriptDevAI\scripts\kalimdor\zulfarrak\boss_zumrah.cpp">
      <Filter>AI\ScriptDevAI\scripts\kalimdor\zulfarrak</Filter>
    </ClCompile>
    <ClCompile Include="..\..\src\game\AI\ScriptDevAI\scripts\kalimdor\zulfarrak\instance_zulfarrak.cpp">
      <Filter>AI\ScriptDevAI\scripts\kalimdor\zulfarrak</Filter>
    </ClCompile>
    <ClCompile Include="..\..\src\game\AI\ScriptDevAI\scripts\kalimdor\zulfarrak\zulfarrak.cpp">
      <Filter>AI\ScriptDevAI\scripts\kalimdor\zulfarrak</Filter>
    </ClCompile>
    <ClCompile Include="..\..\src\game\AI\ScriptDevAI\scripts\world\areatrigger_scripts.cpp">
      <Filter>AI\ScriptDevAI\scripts\world</Filter>
    </ClCompile>
    <ClCompile Include="..\..\src\game\AI\ScriptDevAI\scripts\world\bosses_emerald_dragons.cpp">
      <Filter>AI\ScriptDevAI\scripts\world</Filter>
    </ClCompile>
    <ClCompile Include="..\..\src\game\AI\ScriptDevAI\scripts\world\go_scripts.cpp">
      <Filter>AI\ScriptDevAI\scripts\world</Filter>
    </ClCompile>
    <ClCompile Include="..\..\src\game\AI\ScriptDevAI\scripts\world\guards.cpp">
      <Filter>AI\ScriptDevAI\scripts\world</Filter>
    </ClCompile>
    <ClCompile Include="..\..\src\game\AI\ScriptDevAI\scripts\world\item_scripts.cpp">
      <Filter>AI\ScriptDevAI\scripts\world</Filter>
    </ClCompile>
    <ClCompile Include="..\..\src\game\AI\ScriptDevAI\scripts\world\mob_generic_creature.cpp">
      <Filter>AI\ScriptDevAI\scripts\world</Filter>
    </ClCompile>
    <ClCompile Include="..\..\src\game\AI\ScriptDevAI\scripts\world\npc_professions.cpp">
      <Filter>AI\ScriptDevAI\scripts\world</Filter>
    </ClCompile>
    <ClCompile Include="..\..\src\game\AI\ScriptDevAI\scripts\world\npcs_special.cpp">
      <Filter>AI\ScriptDevAI\scripts\world</Filter>
    </ClCompile>
    <ClCompile Include="..\..\src\game\AI\ScriptDevAI\scripts\world\spell_scripts.cpp">
      <Filter>AI\ScriptDevAI\scripts\world</Filter>
    </ClCompile>
    <ClCompile Include="..\..\src\game\AI\ScriptDevAI\scripts\world\world_map_scripts.cpp">
      <Filter>AI\ScriptDevAI\scripts\world</Filter>
    </ClCompile>
    <ClCompile Include="..\..\src\game\AI\ScriptDevAI\system\ScriptLoader.cpp">
      <Filter>AI\ScriptDevAI\system</Filter>
    </ClCompile>
    <ClCompile Include="..\..\src\game\AI\ScriptDevAI\system\system.cpp">
      <Filter>AI\ScriptDevAI\system</Filter>
    </ClCompile>
    <ClCompile Include="..\..\src\game\Accounts\AccountMgr.cpp">
      <Filter>Accounts</Filter>
    </ClCompile>
    <ClCompile Include="..\..\src\game\Addons\AddonHandler.cpp">
      <Filter>Addons</Filter>
    </ClCompile>
    <ClCompile Include="..\..\src\game\AuctionHouse\AuctionHouseHandler.cpp">
      <Filter>AuctionHouse</Filter>
    </ClCompile>
    <ClCompile Include="..\..\src\game\AuctionHouse\AuctionHouseMgr.cpp">
      <Filter>AuctionHouse</Filter>
    </ClCompile>
    <ClCompile Include="..\..\src\game\AuctionHouseBot\AuctionHouseBot.cpp">
      <Filter>AuctionHouseBot</Filter>
    </ClCompile>
    <ClCompile Include="..\..\src\game\BattleGround\BattleGround.cpp">
      <Filter>BattleGround</Filter>
    </ClCompile>
    <ClCompile Include="..\..\src\game\BattleGround\BattleGroundAB.cpp">
      <Filter>BattleGround</Filter>
    </ClCompile>
    <ClCompile Include="..\..\src\game\BattleGround\BattleGroundAV.cpp">
      <Filter>BattleGround</Filter>
    </ClCompile>
    <ClCompile Include="..\..\src\game\BattleGround\BattleGroundHandler.cpp">
      <Filter>BattleGround</Filter>
    </ClCompile>
    <ClCompile Include="..\..\src\game\BattleGround\BattleGroundMgr.cpp">
      <Filter>BattleGround</Filter>
    </ClCompile>
    <ClCompile Include="..\..\src\game\BattleGround\BattleGroundWS.cpp">
      <Filter>BattleGround</Filter>
    </ClCompile>
    <ClCompile Include="..\..\src\game\Chat\Channel.cpp">
      <Filter>Chat</Filter>
    </ClCompile>
    <ClCompile Include="..\..\src\game\Chat\ChannelHandler.cpp">
      <Filter>Chat</Filter>
    </ClCompile>
    <ClCompile Include="..\..\src\game\Chat\ChannelMgr.cpp">
      <Filter>Chat</Filter>
    </ClCompile>
    <ClCompile Include="..\..\src\game\Chat\Chat.cpp">
      <Filter>Chat</Filter>
    </ClCompile>
    <ClCompile Include="..\..\src\game\Chat\ChatHandler.cpp">
      <Filter>Chat</Filter>
    </ClCompile>
    <ClCompile Include="..\..\src\game\Chat\Level0.cpp">
      <Filter>Chat</Filter>
    </ClCompile>
    <ClCompile Include="..\..\src\game\Chat\Level1.cpp">
      <Filter>Chat</Filter>
    </ClCompile>
    <ClCompile Include="..\..\src\game\Chat\Level2.cpp">
      <Filter>Chat</Filter>
    </ClCompile>
    <ClCompile Include="..\..\src\game\Chat\Level3.cpp">
      <Filter>Chat</Filter>
    </ClCompile>
    <ClCompile Include="..\..\src\game\Chat\debugcmds.cpp">
      <Filter>Chat</Filter>
    </ClCompile>
    <ClCompile Include="..\..\src\game\Combat\CombatHandler.cpp">
      <Filter>Combat</Filter>
    </ClCompile>
    <ClCompile Include="..\..\src\game\Combat\DuelHandler.cpp">
      <Filter>Combat</Filter>
    </ClCompile>
    <ClCompile Include="..\..\src\game\Combat\HostileRefManager.cpp">
      <Filter>Combat</Filter>
    </ClCompile>
    <ClCompile Include="..\..\src\game\Combat\ThreatManager.cpp">
      <Filter>Combat</Filter>
    </ClCompile>
    <ClCompile Include="..\..\src\game\DBScripts\ScriptMgr.cpp">
      <Filter>DBScripts</Filter>
    </ClCompile>
    <ClCompile Include="..\..\src\game\Entities\Bag.cpp">
      <Filter>Entities</Filter>
    </ClCompile>
    <ClCompile Include="..\..\src\game\Entities\Camera.cpp">
      <Filter>Entities</Filter>
    </ClCompile>
    <ClCompile Include="..\..\src\game\Entities\CharacterHandler.cpp">
      <Filter>Entities</Filter>
    </ClCompile>
    <ClCompile Include="..\..\src\game\Entities\Corpse.cpp">
      <Filter>Entities</Filter>
    </ClCompile>
    <ClCompile Include="..\..\src\game\Entities\Creature.cpp">
      <Filter>Entities</Filter>
    </ClCompile>
    <ClCompile Include="..\..\src\game\Entities\CreatureLinkingMgr.cpp">
      <Filter>Entities</Filter>
    </ClCompile>
    <ClCompile Include="..\..\src\game\Entities\DynamicObject.cpp">
      <Filter>Entities</Filter>
    </ClCompile>
    <ClCompile Include="..\..\src\game\Entities\GameObject.cpp">
      <Filter>Entities</Filter>
    </ClCompile>
    <ClCompile Include="..\..\src\game\Entities\GossipDef.cpp">
      <Filter>Entities</Filter>
    </ClCompile>
    <ClCompile Include="..\..\src\game\Entities\Item.cpp">
      <Filter>Entities</Filter>
    </ClCompile>
    <ClCompile Include="..\..\src\game\Entities\ItemEnchantmentMgr.cpp">
      <Filter>Entities</Filter>
    </ClCompile>
    <ClCompile Include="..\..\src\game\Entities\ItemHandler.cpp">
      <Filter>Entities</Filter>
    </ClCompile>
    <ClCompile Include="..\..\src\game\Entities\MiscHandler.cpp">
      <Filter>Entities</Filter>
    </ClCompile>
    <ClCompile Include="..\..\src\game\Entities\NPCHandler.cpp">
      <Filter>Entities</Filter>
    </ClCompile>
    <ClCompile Include="..\..\src\game\Entities\Object.cpp">
      <Filter>Entities</Filter>
    </ClCompile>
    <ClCompile Include="..\..\src\game\Entities\ObjectGuid.cpp">
      <Filter>Entities</Filter>
    </ClCompile>
    <ClCompile Include="..\..\src\game\Entities\Pet.cpp">
      <Filter>Entities</Filter>
    </ClCompile>
    <ClCompile Include="..\..\src\game\Entities\PetHandler.cpp">
      <Filter>Entities</Filter>
    </ClCompile>
    <ClCompile Include="..\..\src\game\Entities\PetitionsHandler.cpp">
      <Filter>Entities</Filter>
    </ClCompile>
    <ClCompile Include="..\..\src\game\Entities\Player.cpp">
      <Filter>Entities</Filter>
    </ClCompile>
    <ClCompile Include="..\..\src\game\Entities\QueryHandler.cpp">
      <Filter>Entities</Filter>
    </ClCompile>
    <ClCompile Include="..\..\src\game\Entities\SkillHandler.cpp">
      <Filter>Entities</Filter>
    </ClCompile>
    <ClCompile Include="..\..\src\game\Entities\StatSystem.cpp">
      <Filter>Entities</Filter>
    </ClCompile>
    <ClCompile Include="..\..\src\game\Entities\TemporarySummon.cpp">
      <Filter>Entities</Filter>
    </ClCompile>
    <ClCompile Include="..\..\src\game\Entities\Totem.cpp">
      <Filter>Entities</Filter>
    </ClCompile>
    <ClCompile Include="..\..\src\game\Entities\Transports.cpp">
      <Filter>Entities</Filter>
    </ClCompile>
    <ClCompile Include="..\..\src\game\Entities\Unit.cpp">
      <Filter>Entities</Filter>
    </ClCompile>
    <ClCompile Include="..\..\src\game\Entities\UpdateData.cpp">
      <Filter>Entities</Filter>
    </ClCompile>
    <ClCompile Include="..\..\src\game\GMTickets\GMTicketHandler.cpp">
      <Filter>GMTickets</Filter>
    </ClCompile>
    <ClCompile Include="..\..\src\game\GMTickets\GMTicketMgr.cpp">
      <Filter>GMTickets</Filter>
    </ClCompile>
    <ClCompile Include="..\..\src\game\GameEvents\GameEventMgr.cpp">
      <Filter>GameEvents</Filter>
    </ClCompile>
    <ClCompile Include="..\..\src\game\Globals\ObjectAccessor.cpp">
      <Filter>Globals</Filter>
    </ClCompile>
    <ClCompile Include="..\..\src\game\Globals\ObjectMgr.cpp">
      <Filter>Globals</Filter>
    </ClCompile>
    <ClCompile Include="..\..\src\game\Grids\GridNotifiers.cpp">
      <Filter>Grids</Filter>
    </ClCompile>
    <ClCompile Include="..\..\src\game\Grids\GridStates.cpp">
      <Filter>Grids</Filter>
    </ClCompile>
    <ClCompile Include="..\..\src\game\Grids\ObjectGridLoader.cpp">
      <Filter>Grids</Filter>
    </ClCompile>
    <ClCompile Include="..\..\src\game\Groups\Group.cpp">
      <Filter>Groups</Filter>
    </ClCompile>
    <ClCompile Include="..\..\src\game\Groups\GroupHandler.cpp">
      <Filter>Groups</Filter>
    </ClCompile>
    <ClCompile Include="..\..\src\game\Groups\GroupReference.cpp">
      <Filter>Groups</Filter>
    </ClCompile>
    <ClCompile Include="..\..\src\game\Guilds\Guild.cpp">
      <Filter>Guilds</Filter>
    </ClCompile>
    <ClCompile Include="..\..\src\game\Guilds\GuildHandler.cpp">
      <Filter>Guilds</Filter>
    </ClCompile>
    <ClCompile Include="..\..\src\game\Guilds\GuildMgr.cpp">
      <Filter>Guilds</Filter>
    </ClCompile>
    <ClCompile Include="..\..\src\game\Loot\LootHandler.cpp">
      <Filter>Loot</Filter>
    </ClCompile>
    <ClCompile Include="..\..\src\game\Loot\LootMgr.cpp">
      <Filter>Loot</Filter>
    </ClCompile>
    <ClCompile Include="..\..\src\game\Mails\Mail.cpp">
      <Filter>Mails</Filter>
    </ClCompile>
    <ClCompile Include="..\..\src\game\Mails\MailHandler.cpp">
      <Filter>Mails</Filter>
    </ClCompile>
    <ClCompile Include="..\..\src\game\Mails\MassMailMgr.cpp">
      <Filter>Mails</Filter>
    </ClCompile>
    <ClCompile Include="..\..\src\game\Maps\GridMap.cpp">
      <Filter>Maps</Filter>
    </ClCompile>
    <ClCompile Include="..\..\src\game\Maps\InstanceData.cpp">
      <Filter>Maps</Filter>
    </ClCompile>
    <ClCompile Include="..\..\src\game\Maps\Map.cpp">
      <Filter>Maps</Filter>
    </ClCompile>
    <ClCompile Include="..\..\src\game\Maps\MapManager.cpp">
      <Filter>Maps</Filter>
    </ClCompile>
    <ClCompile Include="..\..\src\game\Maps\MapPersistentStateMgr.cpp">
      <Filter>Maps</Filter>
    </ClCompile>
    <ClCompile Include="..\..\src\game\Maps\ObjectPosSelector.cpp">
      <Filter>Maps</Filter>
    </ClCompile>
    <ClCompile Include="..\..\src\game\Maps\TaxiHandler.cpp">
      <Filter>Maps</Filter>
    </ClCompile>
    <ClCompile Include="..\..\src\game\MotionGenerators\ConfusedMovementGenerator.cpp">
      <Filter>MotionGenerators</Filter>
    </ClCompile>
    <ClCompile Include="..\..\src\game\MotionGenerators\FleeingMovementGenerator.cpp">
      <Filter>MotionGenerators</Filter>
    </ClCompile>
    <ClCompile Include="..\..\src\game\MotionGenerators\FollowerReference.cpp">
      <Filter>MotionGenerators</Filter>
    </ClCompile>
    <ClCompile Include="..\..\src\game\MotionGenerators\HomeMovementGenerator.cpp">
      <Filter>MotionGenerators</Filter>
    </ClCompile>
    <ClCompile Include="..\..\src\game\MotionGenerators\IdleMovementGenerator.cpp">
      <Filter>MotionGenerators</Filter>
    </ClCompile>
    <ClCompile Include="..\..\src\game\MotionGenerators\MotionMaster.cpp">
      <Filter>MotionGenerators</Filter>
    </ClCompile>
    <ClCompile Include="..\..\src\game\MotionGenerators\MoveMap.cpp">
      <Filter>MotionGenerators</Filter>
    </ClCompile>
    <ClCompile Include="..\..\src\game\MotionGenerators\MovementGenerator.cpp">
      <Filter>MotionGenerators</Filter>
    </ClCompile>
    <ClCompile Include="..\..\src\game\MotionGenerators\MovementHandler.cpp">
      <Filter>MotionGenerators</Filter>
    </ClCompile>
    <ClCompile Include="..\..\src\game\MotionGenerators\PathFinder.cpp">
      <Filter>MotionGenerators</Filter>
    </ClCompile>
    <ClCompile Include="..\..\src\game\MotionGenerators\PointMovementGenerator.cpp">
      <Filter>MotionGenerators</Filter>
    </ClCompile>
    <ClCompile Include="..\..\src\game\MotionGenerators\RandomMovementGenerator.cpp">
      <Filter>MotionGenerators</Filter>
    </ClCompile>
    <ClCompile Include="..\..\src\game\MotionGenerators\TargetedMovementGenerator.cpp">
      <Filter>MotionGenerators</Filter>
    </ClCompile>
    <ClCompile Include="..\..\src\game\MotionGenerators\WaypointManager.cpp">
      <Filter>MotionGenerators</Filter>
    </ClCompile>
    <ClCompile Include="..\..\src\game\MotionGenerators\WaypointMovementGenerator.cpp">
      <Filter>MotionGenerators</Filter>
    </ClCompile>
    <ClCompile Include="..\..\src\game\Movement\MoveSpline.cpp">
      <Filter>Movement</Filter>
    </ClCompile>
    <ClCompile Include="..\..\src\game\Movement\MoveSplineInit.cpp">
      <Filter>Movement</Filter>
    </ClCompile>
    <ClCompile Include="..\..\src\game\Movement\packet_builder.cpp">
      <Filter>Movement</Filter>
    </ClCompile>
    <ClCompile Include="..\..\src\game\Movement\spline.cpp">
      <Filter>Movement</Filter>
    </ClCompile>
    <ClCompile Include="..\..\src\game\Movement\util.cpp">
      <Filter>Movement</Filter>
    </ClCompile>
    <ClCompile Include="..\..\src\game\OutdoorPvP\OutdoorPvP.cpp">
      <Filter>OutdoorPvP</Filter>
    </ClCompile>
    <ClCompile Include="..\..\src\game\OutdoorPvP\OutdoorPvPEP.cpp">
      <Filter>OutdoorPvP</Filter>
    </ClCompile>
    <ClCompile Include="..\..\src\game\OutdoorPvP\OutdoorPvPMgr.cpp">
      <Filter>OutdoorPvP</Filter>
    </ClCompile>
    <ClCompile Include="..\..\src\game\OutdoorPvP\OutdoorPvPSI.cpp">
      <Filter>OutdoorPvP</Filter>
    </ClCompile>
    <ClCompile Include="..\..\src\game\Pools\PoolManager.cpp">
      <Filter>Pools</Filter>
    </ClCompile>
    <ClCompile Include="..\..\src\game\Quests\QuestDef.cpp">
      <Filter>Quests</Filter>
    </ClCompile>
    <ClCompile Include="..\..\src\game\Quests\QuestHandler.cpp">
      <Filter>Quests</Filter>
    </ClCompile>
    <ClCompile Include="..\..\src\game\Reputation\ReputationMgr.cpp">
      <Filter>Reputation</Filter>
    </ClCompile>
    <ClCompile Include="..\..\src\game\Server\DBCStores.cpp">
      <Filter>Server</Filter>
    </ClCompile>
    <ClCompile Include="..\..\src\game\Server\Opcodes.cpp">
      <Filter>Server</Filter>
    </ClCompile>
    <ClCompile Include="..\..\src\game\Server\SQLStorages.cpp">
      <Filter>Server</Filter>
    </ClCompile>
    <ClCompile Include="..\..\src\game\Server\WorldSession.cpp">
      <Filter>Server</Filter>
    </ClCompile>
    <ClCompile Include="..\..\src\game\Server\WorldSocket.cpp">
      <Filter>Server</Filter>
    </ClCompile>
    <ClCompile Include="..\..\src\game\Social\SocialMgr.cpp">
      <Filter>Social</Filter>
    </ClCompile>
    <ClCompile Include="..\..\src\game\Spells\Spell.cpp">
      <Filter>Spells</Filter>
    </ClCompile>
    <ClCompile Include="..\..\src\game\Spells\SpellAuras.cpp">
      <Filter>Spells</Filter>
    </ClCompile>
    <ClCompile Include="..\..\src\game\Spells\SpellEffects.cpp">
      <Filter>Spells</Filter>
    </ClCompile>
    <ClCompile Include="..\..\src\game\Spells\SpellHandler.cpp">
      <Filter>Spells</Filter>
    </ClCompile>
    <ClCompile Include="..\..\src\game\Spells\SpellMgr.cpp">
      <Filter>Spells</Filter>
    </ClCompile>
    <ClCompile Include="..\..\src\game\Spells\UnitAuraProcHandler.cpp">
      <Filter>Spells</Filter>
    </ClCompile>
    <ClCompile Include="..\..\src\game\Tools\CharacterDatabaseCleaner.cpp">
      <Filter>Tools</Filter>
    </ClCompile>
    <ClCompile Include="..\..\src\game\Tools\PlayerDump.cpp">
      <Filter>Tools</Filter>
    </ClCompile>
    <ClCompile Include="..\..\src\game\Trade\TradeHandler.cpp">
      <Filter>Trade</Filter>
    </ClCompile>
    <ClCompile Include="..\..\src\game\Weather\Weather.cpp">
      <Filter>Weather</Filter>
    </ClCompile>
    <ClCompile Include="..\..\src\game\World\World.cpp">
      <Filter>World</Filter>
    </ClCompile>
    <ClCompile Include="..\..\src\game\pchdef.cpp" />
    <ClCompile Include="..\..\src\game\vmap\BIH.cpp">
      <Filter>vmap</Filter>
    </ClCompile>
    <ClCompile Include="..\..\src\game\vmap\DynamicTree.cpp">
      <Filter>vmap</Filter>
    </ClCompile>
    <ClCompile Include="..\..\src\game\vmap\GameObjectModel.cpp">
      <Filter>vmap</Filter>
    </ClCompile>
    <ClCompile Include="..\..\src\game\vmap\MapTree.cpp">
      <Filter>vmap</Filter>
    </ClCompile>
    <ClCompile Include="..\..\src\game\vmap\ModelInstance.cpp">
      <Filter>vmap</Filter>
    </ClCompile>
    <ClCompile Include="..\..\src\game\vmap\TileAssembler.cpp">
      <Filter>vmap</Filter>
    </ClCompile>
    <ClCompile Include="..\..\src\game\vmap\VMapFactory.cpp">
      <Filter>vmap</Filter>
    </ClCompile>
    <ClCompile Include="..\..\src\game\vmap\VMapManager2.cpp">
      <Filter>vmap</Filter>
    </ClCompile>
    <ClCompile Include="..\..\src\game\vmap\WorldModel.cpp">
      <Filter>vmap</Filter>
    </ClCompile>
  </ItemGroup>
  <ItemGroup>
    <ClInclude Include="..\..\src\game\AI\BaseAI\AggressorAI.h">
      <Filter>AI\BaseAI</Filter>
    </ClInclude>
    <ClInclude Include="..\..\src\game\AI\BaseAI\CreatureAI.h">
      <Filter>AI\BaseAI</Filter>
    </ClInclude>
    <ClInclude Include="..\..\src\game\AI\BaseAI\CreatureAIImpl.h">
      <Filter>AI\BaseAI</Filter>
    </ClInclude>
    <ClInclude Include="..\..\src\game\AI\BaseAI\GuardAI.h">
      <Filter>AI\BaseAI</Filter>
    </ClInclude>
    <ClInclude Include="..\..\src\game\AI\BaseAI\GuardianAI.h">
      <Filter>AI\BaseAI</Filter>
    </ClInclude>
    <ClInclude Include="..\..\src\game\AI\BaseAI\NullCreatureAI.h">
      <Filter>AI\BaseAI</Filter>
    </ClInclude>
    <ClInclude Include="..\..\src\game\AI\BaseAI\PetAI.h">
      <Filter>AI\BaseAI</Filter>
    </ClInclude>
    <ClInclude Include="..\..\src\game\AI\BaseAI\PossessedAI.h">
      <Filter>AI\BaseAI</Filter>
    </ClInclude>
    <ClInclude Include="..\..\src\game\AI\BaseAI\ReactorAI.h">
      <Filter>AI\BaseAI</Filter>
    </ClInclude>
    <ClInclude Include="..\..\src\game\AI\BaseAI\TotemAI.h">
      <Filter>AI\BaseAI</Filter>
    </ClInclude>
    <ClInclude Include="..\..\src\game\AI\CreatureAIRegistry.h">
      <Filter>AI</Filter>
    </ClInclude>
    <ClInclude Include="..\..\src\game\AI\CreatureAISelector.h">
      <Filter>AI</Filter>
    </ClInclude>
    <ClInclude Include="..\..\src\game\AI\EventAI\CreatureEventAI.h">
      <Filter>AI\EventAI</Filter>
    </ClInclude>
    <ClInclude Include="..\..\src\game\AI\EventAI\CreatureEventAIMgr.h">
      <Filter>AI\EventAI</Filter>
    </ClInclude>
    <ClInclude Include="..\..\src\game\AI\ScriptDevAI\PreCompiledHeader.h">
      <Filter>AI\ScriptDevAI</Filter>
    </ClInclude>
    <ClInclude Include="..\..\src\game\AI\ScriptDevAI\ScriptDevAIMgr.h">
      <Filter>AI\ScriptDevAI</Filter>
    </ClInclude>
    <ClInclude Include="..\..\src\game\AI\ScriptDevAI\base\escort_ai.h">
      <Filter>AI\ScriptDevAI\base</Filter>
    </ClInclude>
    <ClInclude Include="..\..\src\game\AI\ScriptDevAI\base\follower_ai.h">
      <Filter>AI\ScriptDevAI\base</Filter>
    </ClInclude>
    <ClInclude Include="..\..\src\game\AI\ScriptDevAI\base\guard_ai.h">
      <Filter>AI\ScriptDevAI\base</Filter>
    </ClInclude>
    <ClInclude Include="..\..\src\game\AI\ScriptDevAI\base\pet_ai.h">
      <Filter>AI\ScriptDevAI\base</Filter>
    </ClInclude>
    <ClInclude Include="..\..\src\game\AI\ScriptDevAI\include\sc_creature.h">
      <Filter>AI\ScriptDevAI\include</Filter>
    </ClInclude>
    <ClInclude Include="..\..\src\game\AI\ScriptDevAI\include\sc_gossip.h">
      <Filter>AI\ScriptDevAI\include</Filter>
    </ClInclude>
    <ClInclude Include="..\..\src\game\AI\ScriptDevAI\include\sc_grid_searchers.h">
      <Filter>AI\ScriptDevAI\include</Filter>
    </ClInclude>
    <ClInclude Include="..\..\src\game\AI\ScriptDevAI\include\sc_instance.h">
      <Filter>AI\ScriptDevAI\include</Filter>
    </ClInclude>
    <ClInclude Include="..\..\src\game\AI\ScriptDevAI\scripts\eastern_kingdoms\blackrock_depths\blackrock_depths.h">
      <Filter>AI\ScriptDevAI\scripts\eastern_kingdoms\blackrock_depths</Filter>
    </ClInclude>
    <ClInclude Include="..\..\src\game\AI\ScriptDevAI\scripts\eastern_kingdoms\blackrock_spire\blackrock_spire.h">
      <Filter>AI\ScriptDevAI\scripts\eastern_kingdoms\blackrock_spire</Filter>
    </ClInclude>
    <ClInclude Include="..\..\src\game\AI\ScriptDevAI\scripts\eastern_kingdoms\blackwing_lair\blackwing_lair.h">
      <Filter>AI\ScriptDevAI\scripts\eastern_kingdoms\blackwing_lair</Filter>
    </ClInclude>
    <ClInclude Include="..\..\src\game\AI\ScriptDevAI\scripts\eastern_kingdoms\deadmines\deadmines.h">
      <Filter>AI\ScriptDevAI\scripts\eastern_kingdoms\deadmines</Filter>
    </ClInclude>
    <ClInclude Include="..\..\src\game\AI\ScriptDevAI\scripts\eastern_kingdoms\gnomeregan\gnomeregan.h">
      <Filter>AI\ScriptDevAI\scripts\eastern_kingdoms\gnomeregan</Filter>
    </ClInclude>
    <ClInclude Include="..\..\src\game\AI\ScriptDevAI\scripts\eastern_kingdoms\molten_core\molten_core.h">
      <Filter>AI\ScriptDevAI\scripts\eastern_kingdoms\molten_core</Filter>
    </ClInclude>
    <ClInclude Include="..\..\src\game\AI\ScriptDevAI\scripts\eastern_kingdoms\naxxramas\naxxramas.h">
      <Filter>AI\ScriptDevAI\scripts\eastern_kingdoms\naxxramas</Filter>
    </ClInclude>
    <ClInclude Include="..\..\src\game\AI\ScriptDevAI\scripts\eastern_kingdoms\scarlet_monastery\scarlet_monastery.h">
      <Filter>AI\ScriptDevAI\scripts\eastern_kingdoms\scarlet_monastery</Filter>
    </ClInclude>
    <ClInclude Include="..\..\src\game\AI\ScriptDevAI\scripts\eastern_kingdoms\scholomance\scholomance.h">
      <Filter>AI\ScriptDevAI\scripts\eastern_kingdoms\scholomance</Filter>
    </ClInclude>
    <ClInclude Include="..\..\src\game\AI\ScriptDevAI\scripts\eastern_kingdoms\shadowfang_keep\shadowfang_keep.h">
      <Filter>AI\ScriptDevAI\scripts\eastern_kingdoms\shadowfang_keep</Filter>
    </ClInclude>
    <ClInclude Include="..\..\src\game\AI\ScriptDevAI\scripts\eastern_kingdoms\stratholme\stratholme.h">
      <Filter>AI\ScriptDevAI\scripts\eastern_kingdoms\stratholme</Filter>
    </ClInclude>
    <ClInclude Include="..\..\src\game\AI\ScriptDevAI\scripts\eastern_kingdoms\sunken_temple\sunken_temple.h">
      <Filter>AI\ScriptDevAI\scripts\eastern_kingdoms\sunken_temple</Filter>
    </ClInclude>
    <ClInclude Include="..\..\src\game\AI\ScriptDevAI\scripts\eastern_kingdoms\uldaman\uldaman.h">
      <Filter>AI\ScriptDevAI\scripts\eastern_kingdoms\uldaman</Filter>
    </ClInclude>
    <ClInclude Include="..\..\src\game\AI\ScriptDevAI\scripts\eastern_kingdoms\zulgurub\zulgurub.h">
      <Filter>AI\ScriptDevAI\scripts\eastern_kingdoms\zulgurub</Filter>
    </ClInclude>
    <ClInclude Include="..\..\src\game\AI\ScriptDevAI\scripts\kalimdor\blackfathom_deeps\blackfathom_deeps.h">
      <Filter>AI\ScriptDevAI\scripts\kalimdor\blackfathom_deeps</Filter>
    </ClInclude>
    <ClInclude Include="..\..\src\game\AI\ScriptDevAI\scripts\kalimdor\dire_maul\dire_maul.h">
      <Filter>AI\ScriptDevAI\scripts\kalimdor\dire_maul</Filter>
    </ClInclude>
    <ClInclude Include="..\..\src\game\AI\ScriptDevAI\scripts\kalimdor\onyxias_lair\onyxias_lair.h">
      <Filter>AI\ScriptDevAI\scripts\kalimdor\onyxias_lair</Filter>
    </ClInclude>
    <ClInclude Include="..\..\src\game\AI\ScriptDevAI\scripts\kalimdor\razorfen_downs\razorfen_downs.h">
      <Filter>AI\ScriptDevAI\scripts\kalimdor\razorfen_downs</Filter>
    </ClInclude>
    <ClInclude Include="..\..\src\game\AI\ScriptDevAI\scripts\kalimdor\razorfen_kraul\razorfen_kraul.h">
      <Filter>AI\ScriptDevAI\scripts\kalimdor\razorfen_kraul</Filter>
    </ClInclude>
    <ClInclude Include="..\..\src\game\AI\ScriptDevAI\scripts\kalimdor\ruins_of_ahnqiraj\ruins_of_ahnqiraj.h">
      <Filter>AI\ScriptDevAI\scripts\kalimdor\ruins_of_ahnqiraj</Filter>
    </ClInclude>
    <ClInclude Include="..\..\src\game\AI\ScriptDevAI\scripts\kalimdor\temple_of_ahnqiraj\temple_of_ahnqiraj.h">
      <Filter>AI\ScriptDevAI\scripts\kalimdor\temple_of_ahnqiraj</Filter>
    </ClInclude>
    <ClInclude Include="..\..\src\game\AI\ScriptDevAI\scripts\kalimdor\wailing_caverns\wailing_caverns.h">
      <Filter>AI\ScriptDevAI\scripts\kalimdor\wailing_caverns</Filter>
    </ClInclude>
    <ClInclude Include="..\..\src\game\AI\ScriptDevAI\scripts\kalimdor\zulfarrak\zulfarrak.h">
      <Filter>AI\ScriptDevAI\scripts\kalimdor\zulfarrak</Filter>
    </ClInclude>
    <ClInclude Include="..\..\src\game\AI\ScriptDevAI\scripts\world\world_map_scripts.h">
      <Filter>AI\ScriptDevAI\scripts\world</Filter>
    </ClInclude>
    <ClInclude Include="..\..\src\game\AI\ScriptDevAI\system\ScriptLoader.h">
      <Filter>AI\ScriptDevAI\system</Filter>
    </ClInclude>
    <ClInclude Include="..\..\src\game\AI\ScriptDevAI\system\system.h">
      <Filter>AI\ScriptDevAI\system</Filter>
    </ClInclude>
    <ClInclude Include="..\..\src\game\Accounts\AccountMgr.h">
      <Filter>Accounts</Filter>
    </ClInclude>
    <ClInclude Include="..\..\src\game\Addons\AddonHandler.h">
      <Filter>Addons</Filter>
    </ClInclude>
    <ClInclude Include="..\..\src\game\AuctionHouse\AuctionHouseMgr.h">
      <Filter>AuctionHouse</Filter>
    </ClInclude>
    <ClInclude Include="..\..\src\game\AuctionHouseBot\AuctionHouseBot.h">
      <Filter>AuctionHouseBot</Filter>
    </ClInclude>
    <ClInclude Include="..\..\src\game\BattleGround\BattleGround.h">
      <Filter>BattleGround</Filter>
    </ClInclude>
    <ClInclude Include="..\..\src\game\BattleGround\BattleGroundAB.h">
      <Filter>BattleGround</Filter>
    </ClInclude>
    <ClInclude Include="..\..\src\game\BattleGround\BattleGroundAV.h">
      <Filter>BattleGround</Filter>
    </ClInclude>
    <ClInclude Include="..\..\src\game\BattleGround\BattleGroundMgr.h">
      <Filter>BattleGround</Filter>
    </ClInclude>
    <ClInclude Include="..\..\src\game\BattleGround\BattleGroundWS.h">
      <Filter>BattleGround</Filter>
    </ClInclude>
    <ClInclude Include="..\..\src\game\Chat\Channel.h">
      <Filter>Chat</Filter>
    </ClInclude>
    <ClInclude Include="..\..\src\game\Chat\ChannelMgr.h">
      <Filter>Chat</Filter>
    </ClInclude>
    <ClInclude Include="..\..\src\game\Chat\Chat.h">
      <Filter>Chat</Filter>
    </ClInclude>
    <ClInclude Include="..\..\src\game\Combat\HostileRefManager.h">
      <Filter>Combat</Filter>
    </ClInclude>
    <ClInclude Include="..\..\src\game\Combat\ThreatManager.h">
      <Filter>Combat</Filter>
    </ClInclude>
    <ClInclude Include="..\..\src\game\DBScripts\ScriptMgr.h">
      <Filter>DBScripts</Filter>
    </ClInclude>
    <ClInclude Include="..\..\src\game\Entities\Bag.h">
      <Filter>Entities</Filter>
    </ClInclude>
    <ClInclude Include="..\..\src\game\Entities\Camera.h">
      <Filter>Entities</Filter>
    </ClInclude>
    <ClInclude Include="..\..\src\game\Entities\Corpse.h">
      <Filter>Entities</Filter>
    </ClInclude>
    <ClInclude Include="..\..\src\game\Entities\Creature.h">
      <Filter>Entities</Filter>
    </ClInclude>
    <ClInclude Include="..\..\src\game\Entities\CreatureLinkingMgr.h">
      <Filter>Entities</Filter>
    </ClInclude>
    <ClInclude Include="..\..\src\game\Entities\DynamicObject.h">
      <Filter>Entities</Filter>
    </ClInclude>
    <ClInclude Include="..\..\src\game\Entities\GameObject.h">
      <Filter>Entities</Filter>
    </ClInclude>
    <ClInclude Include="..\..\src\game\Entities\GossipDef.h">
      <Filter>Entities</Filter>
    </ClInclude>
    <ClInclude Include="..\..\src\game\Entities\Item.h">
      <Filter>Entities</Filter>
    </ClInclude>
    <ClInclude Include="..\..\src\game\Entities\ItemEnchantmentMgr.h">
      <Filter>Entities</Filter>
    </ClInclude>
    <ClInclude Include="..\..\src\game\Entities\ItemPrototype.h">
      <Filter>Entities</Filter>
    </ClInclude>
    <ClInclude Include="..\..\src\game\Entities\NPCHandler.h">
      <Filter>Entities</Filter>
    </ClInclude>
    <ClInclude Include="..\..\src\game\Entities\Object.h">
      <Filter>Entities</Filter>
    </ClInclude>
    <ClInclude Include="..\..\src\game\Entities\ObjectGuid.h">
      <Filter>Entities</Filter>
    </ClInclude>
    <ClInclude Include="..\..\src\game\Entities\Pet.h">
      <Filter>Entities</Filter>
    </ClInclude>
    <ClInclude Include="..\..\src\game\Entities\Player.h">
      <Filter>Entities</Filter>
    </ClInclude>
    <ClInclude Include="..\..\src\game\Entities\TemporarySummon.h">
      <Filter>Entities</Filter>
    </ClInclude>
    <ClInclude Include="..\..\src\game\Entities\Totem.h">
      <Filter>Entities</Filter>
    </ClInclude>
    <ClInclude Include="..\..\src\game\Entities\Transports.h">
      <Filter>Entities</Filter>
    </ClInclude>
    <ClInclude Include="..\..\src\game\Entities\Unit.h">
      <Filter>Entities</Filter>
    </ClInclude>
    <ClInclude Include="..\..\src\game\Entities\UnitEvents.h">
      <Filter>Entities</Filter>
    </ClInclude>
    <ClInclude Include="..\..\src\game\Entities\UpdateData.h">
      <Filter>Entities</Filter>
    </ClInclude>
    <ClInclude Include="..\..\src\game\Entities\UpdateFields.h">
      <Filter>Entities</Filter>
    </ClInclude>
    <ClInclude Include="..\..\src\game\Entities\UpdateMask.h">
      <Filter>Entities</Filter>
    </ClInclude>
    <ClInclude Include="..\..\src\game\GMTickets\GMTicketMgr.h">
      <Filter>GMTickets</Filter>
    </ClInclude>
    <ClInclude Include="..\..\src\game\GameEvents\GameEventMgr.h">
      <Filter>GameEvents</Filter>
    </ClInclude>
    <ClInclude Include="..\..\src\game\Globals\ObjectAccessor.h">
      <Filter>Globals</Filter>
    </ClInclude>
    <ClInclude Include="..\..\src\game\Globals\ObjectMgr.h">
      <Filter>Globals</Filter>
    </ClInclude>
    <ClInclude Include="..\..\src\game\Globals\SharedDefines.h">
      <Filter>Globals</Filter>
    </ClInclude>
    <ClInclude Include="..\..\src\game\Grids\Cell.h">
      <Filter>Grids</Filter>
    </ClInclude>
    <ClInclude Include="..\..\src\game\Grids\CellImpl.h">
      <Filter>Grids</Filter>
    </ClInclude>
    <ClInclude Include="..\..\src\game\Grids\GridNotifiers.h">
      <Filter>Grids</Filter>
    </ClInclude>
    <ClInclude Include="..\..\src\game\Grids\GridNotifiersImpl.h">
      <Filter>Grids</Filter>
    </ClInclude>
    <ClInclude Include="..\..\src\game\Grids\GridStates.h">
      <Filter>Grids</Filter>
    </ClInclude>
    <ClInclude Include="..\..\src\game\Grids\ObjectGridLoader.h">
      <Filter>Grids</Filter>
    </ClInclude>
    <ClInclude Include="..\..\src\game\Groups\Group.h">
      <Filter>Groups</Filter>
    </ClInclude>
    <ClInclude Include="..\..\src\game\Groups\GroupRefManager.h">
      <Filter>Groups</Filter>
    </ClInclude>
    <ClInclude Include="..\..\src\game\Groups\GroupReference.h">
      <Filter>Groups</Filter>
    </ClInclude>
    <ClInclude Include="..\..\src\game\Guilds\Guild.h">
      <Filter>Guilds</Filter>
    </ClInclude>
    <ClInclude Include="..\..\src\game\Guilds\GuildMgr.h">
      <Filter>Guilds</Filter>
    </ClInclude>
    <ClInclude Include="..\..\src\game\Loot\LootMgr.h">
      <Filter>Loot</Filter>
    </ClInclude>
    <ClInclude Include="..\..\src\game\Mails\Mail.h">
      <Filter>Mails</Filter>
    </ClInclude>
    <ClInclude Include="..\..\src\game\Mails\MassMailMgr.h">
      <Filter>Mails</Filter>
    </ClInclude>
    <ClInclude Include="..\..\src\game\Maps\GridDefines.h">
      <Filter>Maps</Filter>
    </ClInclude>
    <ClInclude Include="..\..\src\game\Maps\GridMap.h">
      <Filter>Maps</Filter>
    </ClInclude>
    <ClInclude Include="..\..\src\game\Maps\InstanceData.h">
      <Filter>Maps</Filter>
    </ClInclude>
    <ClInclude Include="..\..\src\game\Maps\Map.h">
      <Filter>Maps</Filter>
    </ClInclude>
    <ClInclude Include="..\..\src\game\Maps\MapManager.h">
      <Filter>Maps</Filter>
    </ClInclude>
    <ClInclude Include="..\..\src\game\Maps\MapPersistentStateMgr.h">
      <Filter>Maps</Filter>
    </ClInclude>
    <ClInclude Include="..\..\src\game\Maps\MapRefManager.h">
      <Filter>Maps</Filter>
    </ClInclude>
    <ClInclude Include="..\..\src\game\Maps\MapReference.h">
      <Filter>Maps</Filter>
    </ClInclude>
    <ClInclude Include="..\..\src\game\Maps\ObjectPosSelector.h">
      <Filter>Maps</Filter>
    </ClInclude>
    <ClInclude Include="..\..\src\game\MotionGenerators\ConfusedMovementGenerator.h">
      <Filter>MotionGenerators</Filter>
    </ClInclude>
    <ClInclude Include="..\..\src\game\MotionGenerators\FleeingMovementGenerator.h">
      <Filter>MotionGenerators</Filter>
    </ClInclude>
    <ClInclude Include="..\..\src\game\MotionGenerators\FollowerRefManager.h">
      <Filter>MotionGenerators</Filter>
    </ClInclude>
    <ClInclude Include="..\..\src\game\MotionGenerators\FollowerReference.h">
      <Filter>MotionGenerators</Filter>
    </ClInclude>
    <ClInclude Include="..\..\src\game\MotionGenerators\HomeMovementGenerator.h">
      <Filter>MotionGenerators</Filter>
    </ClInclude>
    <ClInclude Include="..\..\src\game\MotionGenerators\IdleMovementGenerator.h">
      <Filter>MotionGenerators</Filter>
    </ClInclude>
    <ClInclude Include="..\..\src\game\MotionGenerators\MotionMaster.h">
      <Filter>MotionGenerators</Filter>
    </ClInclude>
    <ClInclude Include="..\..\src\game\MotionGenerators\MoveMap.h">
      <Filter>MotionGenerators</Filter>
    </ClInclude>
    <ClInclude Include="..\..\src\game\MotionGenerators\MoveMapSharedDefines.h">
      <Filter>MotionGenerators</Filter>
    </ClInclude>
    <ClInclude Include="..\..\src\game\MotionGenerators\MovementGenerator.h">
      <Filter>MotionGenerators</Filter>
    </ClInclude>
    <ClInclude Include="..\..\src\game\MotionGenerators\MovementGeneratorImpl.h">
      <Filter>MotionGenerators</Filter>
    </ClInclude>
    <ClInclude Include="..\..\src\game\MotionGenerators\Path.h">
      <Filter>MotionGenerators</Filter>
    </ClInclude>
    <ClInclude Include="..\..\src\game\MotionGenerators\PathFinder.h">
      <Filter>MotionGenerators</Filter>
    </ClInclude>
    <ClInclude Include="..\..\src\game\MotionGenerators\PointMovementGenerator.h">
      <Filter>MotionGenerators</Filter>
    </ClInclude>
    <ClInclude Include="..\..\src\game\MotionGenerators\RandomMovementGenerator.h">
      <Filter>MotionGenerators</Filter>
    </ClInclude>
    <ClInclude Include="..\..\src\game\MotionGenerators\TargetedMovementGenerator.h">
      <Filter>MotionGenerators</Filter>
    </ClInclude>
    <ClInclude Include="..\..\src\game\MotionGenerators\WaypointManager.h">
      <Filter>MotionGenerators</Filter>
    </ClInclude>
    <ClInclude Include="..\..\src\game\MotionGenerators\WaypointMovementGenerator.h">
      <Filter>MotionGenerators</Filter>
    </ClInclude>
    <ClInclude Include="..\..\src\game\Movement\MoveSpline.h">
      <Filter>Movement</Filter>
    </ClInclude>
    <ClInclude Include="..\..\src\game\Movement\MoveSplineFlag.h">
      <Filter>Movement</Filter>
    </ClInclude>
    <ClInclude Include="..\..\src\game\Movement\MoveSplineInit.h">
      <Filter>Movement</Filter>
    </ClInclude>
    <ClInclude Include="..\..\src\game\Movement\MoveSplineInitArgs.h">
      <Filter>Movement</Filter>
    </ClInclude>
    <ClInclude Include="..\..\src\game\Movement\packet_builder.h">
      <Filter>Movement</Filter>
    </ClInclude>
    <ClInclude Include="..\..\src\game\Movement\spline.h">
      <Filter>Movement</Filter>
    </ClInclude>
    <ClInclude Include="..\..\src\game\Movement\spline.impl.h">
      <Filter>Movement</Filter>
    </ClInclude>
    <ClInclude Include="..\..\src\game\Movement\typedefs.h">
      <Filter>Movement</Filter>
    </ClInclude>
    <ClInclude Include="..\..\src\game\OutdoorPvP\OutdoorPvP.h">
      <Filter>OutdoorPvP</Filter>
    </ClInclude>
    <ClInclude Include="..\..\src\game\OutdoorPvP\OutdoorPvPEP.h">
      <Filter>OutdoorPvP</Filter>
    </ClInclude>
    <ClInclude Include="..\..\src\game\OutdoorPvP\OutdoorPvPMgr.h">
      <Filter>OutdoorPvP</Filter>
    </ClInclude>
    <ClInclude Include="..\..\src\game\OutdoorPvP\OutdoorPvPSI.h">
      <Filter>OutdoorPvP</Filter>
    </ClInclude>
    <ClInclude Include="..\..\src\game\Pools\PoolManager.h">
      <Filter>Pools</Filter>
    </ClInclude>
    <ClInclude Include="..\..\src\game\Quests\QuestDef.h">
      <Filter>Quests</Filter>
    </ClInclude>
    <ClInclude Include="..\..\src\game\Reputation\ReputationMgr.h">
      <Filter>Reputation</Filter>
    </ClInclude>
    <ClInclude Include="..\..\src\game\Server\DBCEnums.h">
      <Filter>Server</Filter>
    </ClInclude>
    <ClInclude Include="..\..\src\game\Server\DBCStores.h">
      <Filter>Server</Filter>
    </ClInclude>
    <ClInclude Include="..\..\src\game\Server\DBCStructure.h">
      <Filter>Server</Filter>
    </ClInclude>
    <ClInclude Include="..\..\src\game\Server\DBCfmt.h">
      <Filter>Server</Filter>
    </ClInclude>
    <ClInclude Include="..\..\src\game\Server\Opcodes.h">
      <Filter>Server</Filter>
    </ClInclude>
    <ClInclude Include="..\..\src\game\Server\SQLStorages.h">
      <Filter>Server</Filter>
    </ClInclude>
    <ClInclude Include="..\..\src\game\Server\WorldSession.h">
      <Filter>Server</Filter>
    </ClInclude>
    <ClInclude Include="..\..\src\game\Server\WorldSocket.h">
      <Filter>Server</Filter>
    </ClInclude>
    <ClInclude Include="..\..\src\game\Social\SocialMgr.h">
      <Filter>Social</Filter>
    </ClInclude>
    <ClInclude Include="..\..\src\game\Spells\Spell.h">
      <Filter>Spells</Filter>
    </ClInclude>
    <ClInclude Include="..\..\src\game\Spells\SpellAuraDefines.h">
      <Filter>Spells</Filter>
    </ClInclude>
    <ClInclude Include="..\..\src\game\Spells\SpellAuras.h">
      <Filter>Spells</Filter>
    </ClInclude>
    <ClInclude Include="..\..\src\game\Spells\SpellMgr.h">
      <Filter>Spells</Filter>
    </ClInclude>
    <ClInclude Include="..\..\src\game\Tools\CharacterDatabaseCleaner.h">
      <Filter>Tools</Filter>
    </ClInclude>
    <ClInclude Include="..\..\src\game\Tools\Formulas.h">
      <Filter>Tools</Filter>
    </ClInclude>
    <ClInclude Include="..\..\src\game\Tools\Language.h">
      <Filter>Tools</Filter>
    </ClInclude>
    <ClInclude Include="..\..\src\game\Tools\PlayerDump.h">
      <Filter>Tools</Filter>
    </ClInclude>
    <ClInclude Include="..\..\src\game\Weather\Weather.h">
      <Filter>Weather</Filter>
    </ClInclude>
    <ClInclude Include="..\..\src\game\World\World.h">
      <Filter>World</Filter>
    </ClInclude>
    <ClInclude Include="..\..\src\game\pchdef.h" />
    <ClInclude Include="..\..\src\game\vmap\BIH.h">
      <Filter>vmap</Filter>
    </ClInclude>
    <ClInclude Include="..\..\src\game\vmap\BIHWrap.h">
      <Filter>vmap</Filter>
    </ClInclude>
    <ClInclude Include="..\..\src\game\vmap\DynamicTree.h">
      <Filter>vmap</Filter>
    </ClInclude>
    <ClInclude Include="..\..\src\game\vmap\GameObjectModel.h">
      <Filter>vmap</Filter>
    </ClInclude>
    <ClInclude Include="..\..\src\game\vmap\IVMapManager.h">
      <Filter>vmap</Filter>
    </ClInclude>
    <ClInclude Include="..\..\src\game\vmap\MapTree.h">
      <Filter>vmap</Filter>
    </ClInclude>
    <ClInclude Include="..\..\src\game\vmap\ModelInstance.h">
      <Filter>vmap</Filter>
    </ClInclude>
    <ClInclude Include="..\..\src\game\vmap\RegularGrid.h">
      <Filter>vmap</Filter>
    </ClInclude>
    <ClInclude Include="..\..\src\game\vmap\TileAssembler.h">
      <Filter>vmap</Filter>
    </ClInclude>
    <ClInclude Include="..\..\src\game\vmap\VMapDefinitions.h">
      <Filter>vmap</Filter>
    </ClInclude>
    <ClInclude Include="..\..\src\game\vmap\VMapFactory.h">
      <Filter>vmap</Filter>
    </ClInclude>
    <ClInclude Include="..\..\src\game\vmap\VMapManager2.h">
      <Filter>vmap</Filter>
    </ClInclude>
    <ClInclude Include="..\..\src\game\vmap\VMapTools.h">
      <Filter>vmap</Filter>
    </ClInclude>
    <ClInclude Include="..\..\src\game\vmap\WorldModel.h">
      <Filter>vmap</Filter>
    </ClInclude>
  </ItemGroup>
  <ItemGroup>
    <CustomBuild Include="..\..\src\game\CMakeLists.txt" />
  </ItemGroup>
  <ItemGroup>
    <Filter Include="AI\BaseAI">
      <UniqueIdentifier>{5908B65F-4828-3868-9C48-7B4B6837C209}</UniqueIdentifier>
    </Filter>
    <Filter Include="AI\EventAI">
      <UniqueIdentifier>{1632515F-A832-36E0-BF1C-E11BEA6A1821}</UniqueIdentifier>
    </Filter>
    <Filter Include="AI\ScriptDevAI">
      <UniqueIdentifier>{49E43018-A639-3E11-84D0-5DF2F27B1ABC}</UniqueIdentifier>
    </Filter>
    <Filter Include="AI\ScriptDevAI\base">
      <UniqueIdentifier>{E9542EF5-C69F-3061-8353-2EFAC095A625}</UniqueIdentifier>
    </Filter>
    <Filter Include="AI\ScriptDevAI\include">
      <UniqueIdentifier>{6D77BBBF-E479-3803-8107-DA154AB195B2}</UniqueIdentifier>
    </Filter>
    <Filter Include="AI\ScriptDevAI\scripts">
      <UniqueIdentifier>{820D2D6C-5364-3117-B8FD-1818F4BD8E8F}</UniqueIdentifier>
    </Filter>
    <Filter Include="AI\ScriptDevAI\system">
      <UniqueIdentifier>{3C5278E0-4D96-38A7-8D1E-F252BC0FA337}</UniqueIdentifier>
    </Filter>
    <Filter Include="AI">
      <UniqueIdentifier>{4C07D8A8-843D-320C-8029-81095319AF91}</UniqueIdentifier>
    </Filter>
    <Filter Include="Accounts">
      <UniqueIdentifier>{F8333DCC-C523-3E2C-8679-8640AF6617E2}</UniqueIdentifier>
    </Filter>
    <Filter Include="Addons">
      <UniqueIdentifier>{C3EFBDA5-5717-3150-BF10-1B01E282AD4E}</UniqueIdentifier>
    </Filter>
    <Filter Include="AuctionHouse">
      <UniqueIdentifier>{B7FF431D-CECD-3270-BF6A-7667CA6AF573}</UniqueIdentifier>
    </Filter>
    <Filter Include="AuctionHouseBot">
      <UniqueIdentifier>{ABA214FE-18D9-36F1-9533-69DE4FD3E37E}</UniqueIdentifier>
    </Filter>
    <Filter Include="BattleGround">
      <UniqueIdentifier>{C9DF81D0-95A6-365D-8F92-DB2F47AB4D60}</UniqueIdentifier>
    </Filter>
    <Filter Include="Chat">
      <UniqueIdentifier>{E29EF84F-A8F6-3075-A3EC-C5C478D0E65E}</UniqueIdentifier>
    </Filter>
    <Filter Include="Combat">
      <UniqueIdentifier>{6AD44782-FB1F-35F4-BB3A-FBCA41FD424E}</UniqueIdentifier>
    </Filter>
    <Filter Include="DBScripts">
      <UniqueIdentifier>{E2537AF0-5A4F-3AC7-93F9-0FC5E0438118}</UniqueIdentifier>
    </Filter>
    <Filter Include="Entities">
      <UniqueIdentifier>{DE591174-1A7C-3D18-8029-958361DD3007}</UniqueIdentifier>
    </Filter>
    <Filter Include="GMTickets">
      <UniqueIdentifier>{ED9B0DBB-9067-3DF7-A093-CB107209489B}</UniqueIdentifier>
    </Filter>
    <Filter Include="GameEvents">
      <UniqueIdentifier>{3CE8FB66-1C2E-3CB7-8AFD-A61B7618B442}</UniqueIdentifier>
    </Filter>
    <Filter Include="Globals">
      <UniqueIdentifier>{F9AB0E93-C3AB-34CA-A40B-14264DBC101D}</UniqueIdentifier>
    </Filter>
    <Filter Include="Grids">
      <UniqueIdentifier>{FE96CA73-CF87-31E7-9C6E-B34D2E3B2754}</UniqueIdentifier>
    </Filter>
    <Filter Include="Groups">
      <UniqueIdentifier>{43DE28CB-DDF7-3A19-9BCE-DF0C3EAA5292}</UniqueIdentifier>
    </Filter>
    <Filter Include="Guilds">
      <UniqueIdentifier>{C328FE9C-0E49-3937-B39C-740338D37333}</UniqueIdentifier>
    </Filter>
    <Filter Include="Loot">
      <UniqueIdentifier>{1AD2BAF6-64CC-3447-8E9B-1975F969B2D6}</UniqueIdentifier>
    </Filter>
    <Filter Include="Mails">
      <UniqueIdentifier>{9BD4A3CA-F4A6-327C-BE05-80C9B9F1A43D}</UniqueIdentifier>
    </Filter>
    <Filter Include="Maps">
      <UniqueIdentifier>{E2055DCA-C3E8-39FA-8B61-9B57A7DFB65D}</UniqueIdentifier>
    </Filter>
    <Filter Include="MotionGenerators">
      <UniqueIdentifier>{A41126AD-9A96-3E4E-9955-FCAB22A7A096}</UniqueIdentifier>
    </Filter>
    <Filter Include="Movement">
      <UniqueIdentifier>{8C08D612-D6F6-3B1A-A552-BBA17D90A2E5}</UniqueIdentifier>
    </Filter>
    <Filter Include="OutdoorPvP">
      <UniqueIdentifier>{54E8E5FD-CBA5-3B55-AA55-2B23A762FE00}</UniqueIdentifier>
    </Filter>
    <Filter Include="Pools">
      <UniqueIdentifier>{121DC851-02FB-376A-BC63-F422BA285A7E}</UniqueIdentifier>
    </Filter>
    <Filter Include="Quests">
      <UniqueIdentifier>{FB4D3BC0-E50B-3388-9F63-2BF9E0D59682}</UniqueIdentifier>
    </Filter>
    <Filter Include="Reputation">
      <UniqueIdentifier>{872D5784-66D7-3407-A378-F3E2CA1C3E5B}</UniqueIdentifier>
    </Filter>
    <Filter Include="Server">
      <UniqueIdentifier>{29B6D218-41E2-3A12-A7D1-5D591DF6667D}</UniqueIdentifier>
    </Filter>
    <Filter Include="Social">
      <UniqueIdentifier>{0C43024C-AC08-3B4F-9690-6701FE80EA63}</UniqueIdentifier>
    </Filter>
    <Filter Include="Spells">
      <UniqueIdentifier>{066863EE-0DBD-3841-AD7E-FA70F6E6C3E4}</UniqueIdentifier>
    </Filter>
    <Filter Include="Tools">
      <UniqueIdentifier>{12A25BDD-B0BA-34C3-B934-634E6EAF7F08}</UniqueIdentifier>
    </Filter>
    <Filter Include="Weather">
      <UniqueIdentifier>{C5EB9D69-1E26-341C-9BC4-334885BB7ED7}</UniqueIdentifier>
    </Filter>
    <Filter Include="World">
      <UniqueIdentifier>{F7EAF400-AD40-34BF-920B-68E5136C4492}</UniqueIdentifier>
    </Filter>
    <Filter Include="vmap">
      <UniqueIdentifier>{F76DCBE6-8A9C-3E8E-90CA-5A0CABFB1D04}</UniqueIdentifier>
    </Filter>
    <Filter Include="Trade">
      <UniqueIdentifier>{50F1C240-5022-33B9-A863-35379F7F7386}</UniqueIdentifier>
    </Filter>
    <Filter Include="AI\ScriptDevAI\scripts\eastern_kingdoms">
      <UniqueIdentifier>{81ECAAE6-D219-30DB-B134-AE6E8C689C36}</UniqueIdentifier>
    </Filter>
    <Filter Include="AI\ScriptDevAI\scripts\kalimdor">
      <UniqueIdentifier>{90B7D541-CE46-3BB9-9DD4-75DE8FD66A31}</UniqueIdentifier>
    </Filter>
    <Filter Include="AI\ScriptDevAI\scripts\world">
      <UniqueIdentifier>{63C62F16-22B1-3FAC-B99B-B80CB8A6D4B5}</UniqueIdentifier>
    </Filter>
    <Filter Include="AI\ScriptDevAI\scripts\battlegrounds">
      <UniqueIdentifier>{23C53601-735F-3A17-8DC6-330B62A1E252}</UniqueIdentifier>
    </Filter>
    <Filter Include="AI\ScriptDevAI\scripts\examples">
      <UniqueIdentifier>{910FAF97-1470-3CD5-A09E-DC90221E5F9D}</UniqueIdentifier>
    </Filter>
    <Filter Include="AI\ScriptDevAI\scripts\eastern_kingdoms\blackrock_depths">
      <UniqueIdentifier>{4C973307-FB03-321C-81AE-F010EA33ABAE}</UniqueIdentifier>
    </Filter>
    <Filter Include="AI\ScriptDevAI\scripts\eastern_kingdoms\blackrock_spire">
      <UniqueIdentifier>{2BE3A075-51F7-320F-BD24-BC6D37BDE398}</UniqueIdentifier>
    </Filter>
    <Filter Include="AI\ScriptDevAI\scripts\eastern_kingdoms\blackwing_lair">
      <UniqueIdentifier>{30CF6F8B-AE8D-3A8D-900D-931A68533BF5}</UniqueIdentifier>
    </Filter>
    <Filter Include="AI\ScriptDevAI\scripts\eastern_kingdoms\deadmines">
      <UniqueIdentifier>{37595963-F55D-341C-BBED-225AC83482D5}</UniqueIdentifier>
    </Filter>
    <Filter Include="AI\ScriptDevAI\scripts\eastern_kingdoms\gnomeregan">
      <UniqueIdentifier>{9BC00029-64AD-3C64-8873-54AD0F513A01}</UniqueIdentifier>
    </Filter>
    <Filter Include="AI\ScriptDevAI\scripts\eastern_kingdoms\molten_core">
      <UniqueIdentifier>{BA9CEDC3-7803-3F42-A4E8-33280D54B9E0}</UniqueIdentifier>
    </Filter>
    <Filter Include="AI\ScriptDevAI\scripts\eastern_kingdoms\naxxramas">
      <UniqueIdentifier>{A4D5D7F5-3592-3370-9E0B-CFC75A42EA5D}</UniqueIdentifier>
    </Filter>
    <Filter Include="AI\ScriptDevAI\scripts\eastern_kingdoms\scarlet_monastery">
      <UniqueIdentifier>{40B450EB-37A8-30A7-8F5E-05840CBE38E2}</UniqueIdentifier>
    </Filter>
    <Filter Include="AI\ScriptDevAI\scripts\eastern_kingdoms\scholomance">
      <UniqueIdentifier>{B389DCC6-0E86-323A-ABAB-20BAF4517301}</UniqueIdentifier>
    </Filter>
    <Filter Include="AI\ScriptDevAI\scripts\eastern_kingdoms\shadowfang_keep">
      <UniqueIdentifier>{EC35FC84-83CB-3E91-A176-F06E83ECF943}</UniqueIdentifier>
    </Filter>
    <Filter Include="AI\ScriptDevAI\scripts\eastern_kingdoms\stratholme">
      <UniqueIdentifier>{62E188A8-2999-335E-B007-E0C6E9D03724}</UniqueIdentifier>
    </Filter>
    <Filter Include="AI\ScriptDevAI\scripts\eastern_kingdoms\sunken_temple">
      <UniqueIdentifier>{FA5F3F3F-5F21-30B2-AECA-2F27D421F0BC}</UniqueIdentifier>
    </Filter>
    <Filter Include="AI\ScriptDevAI\scripts\eastern_kingdoms\uldaman">
      <UniqueIdentifier>{F9FD59F6-7B88-3555-9BA9-3C816B237111}</UniqueIdentifier>
    </Filter>
    <Filter Include="AI\ScriptDevAI\scripts\eastern_kingdoms\zulgurub">
      <UniqueIdentifier>{BDE4AB14-63AB-3D1D-BEAB-70CE47D06086}</UniqueIdentifier>
    </Filter>
    <Filter Include="AI\ScriptDevAI\scripts\kalimdor\blackfathom_deeps">
      <UniqueIdentifier>{40179108-C5AE-3CC0-AD8F-03300C8B2A81}</UniqueIdentifier>
    </Filter>
    <Filter Include="AI\ScriptDevAI\scripts\kalimdor\dire_maul">
      <UniqueIdentifier>{E8CEC361-1E1B-3ACC-86A2-A1CE2898CD76}</UniqueIdentifier>
    </Filter>
    <Filter Include="AI\ScriptDevAI\scripts\kalimdor\onyxias_lair">
      <UniqueIdentifier>{C0AF58EE-4E03-3D79-A9A2-23734930F109}</UniqueIdentifier>
    </Filter>
    <Filter Include="AI\ScriptDevAI\scripts\kalimdor\razorfen_downs">
      <UniqueIdentifier>{AA333918-9492-3A24-893D-9FD5DC023B49}</UniqueIdentifier>
    </Filter>
    <Filter Include="AI\ScriptDevAI\scripts\kalimdor\razorfen_kraul">
      <UniqueIdentifier>{183E1409-6975-3A72-AF56-D325D225816E}</UniqueIdentifier>
    </Filter>
    <Filter Include="AI\ScriptDevAI\scripts\kalimdor\ruins_of_ahnqiraj">
      <UniqueIdentifier>{EDF9AE64-34FB-39C8-8976-4F96DC4AD8F8}</UniqueIdentifier>
    </Filter>
    <Filter Include="AI\ScriptDevAI\scripts\kalimdor\temple_of_ahnqiraj">
      <UniqueIdentifier>{A8A9D185-A64A-316C-9265-BB8F47815B73}</UniqueIdentifier>
    </Filter>
    <Filter Include="AI\ScriptDevAI\scripts\kalimdor\wailing_caverns">
      <UniqueIdentifier>{170B5784-9969-3BC3-B294-9DFBACB69D19}</UniqueIdentifier>
    </Filter>
    <Filter Include="AI\ScriptDevAI\scripts\kalimdor\zulfarrak">
      <UniqueIdentifier>{23CC4ECD-5902-3792-95C1-206ACA351C0A}</UniqueIdentifier>
    </Filter>
    <Filter Include="AI\ScriptDevAI\scripts\kalimdor\maraudon">
      <UniqueIdentifier>{930C08C8-6F9C-3487-B228-17EAE4B1F9CB}</UniqueIdentifier>
    </Filter>
  </ItemGroup>
</Project>
